{
  "version": 4,
  "terraform_version": "1.12.1",
  "serial": 551,
  "lineage": "bedba4a4-76af-8d20-160c-0a5bdbd39585",
  "outputs": {
    "backend_alb_dns": {
      "value": "internal-backend-alb-588749013.us-east-1.elb.amazonaws.com",
      "type": "string"
    },
    "db_endpoint": {
      "value": "terraform-20250609092107071300000003.conwso22ac79.us-east-1.rds.amazonaws.com:3306",
      "type": "string"
    },
    "front_alb_dns": {
      "value": "frontend-alb-498310809.us-east-1.elb.amazonaws.com",
      "type": "string"
    },
    "rendered_user_data": {
      "value": "#!/bin/bash\n\n# Update and install dependencies\nsudo apt update -y\nsudo apt install -y nginx git nodejs npm docker.io\nsudo npm install -g n\nsudo n 18\necho \"ay7aga\" \u003e\u003e app.log\necho $backend_alb_dns \u003e\u003e app.log\n\n# Configure nginx with proxy for /api to backend ALB\nsudo cat \u003e /etc/nginx/sites-available/default \u003c\u003cEOF\nserver {\n    listen 80 default_server;\n    listen [::]:80 default_server;\n\n    root /var/www/html;\n    index index.html index.htm;\n\n    server_name _;\n\n    location / {\n        try_files \\$uri /index.html;\n    }\n\n    location /api/ {\n        proxy_pass http://internal-backend-alb-588749013.us-east-1.elb.amazonaws.com:5050;\n        proxy_http_version 1.1;\n        proxy_set_header Upgrade \\$http_upgrade;\n        proxy_set_header Connection 'upgrade';\n        proxy_set_header Host \\$host;\n        proxy_cache_bypass \\$http_upgrade;\n    }\n}\nEOF\n\necho $backend_alb_dns \u003e\u003e app2.log\n\n# Restart nginx to apply config\nsudo systemctl reload nginx\nsudo systemctl enable docker\n# Clone your React app from GitHub\ncd /home/ubuntu\ngit clone https://github.com/SeifOssama/AWS-3-Tier-Web-Architecture.git\ncd AWS-3-Tier-Web-Architecture/Frontend\n\n# Install dependencies\nsudo npm install\n\n# Build with relative API URL for proxying via Nginx\nREACT_APP_API_URL=\"/api\" npm run build\n\n# Copy build files to Nginx\ncp -r build/* /var/www/html/\n\n# Restart Nginx after copying files\nsudo systemctl restart nginx\n\n",
      "type": "string"
    }
  },
  "resources": [
    {
      "module": "module.ALB",
      "mode": "managed",
      "type": "aws_lb",
      "name": "backend_alb",
      "provider": "provider[\"registry.terraform.io/hashicorp/aws\"]",
      "instances": [
        {
          "schema_version": 0,
          "attributes": {
            "access_logs": [
              {
                "bucket": "",
                "enabled": false,
                "prefix": ""
              }
            ],
            "arn": "arn:aws:elasticloadbalancing:us-east-1:724772082485:loadbalancer/app/backend-alb/90f9bc9eba8c4682",
            "arn_suffix": "app/backend-alb/90f9bc9eba8c4682",
            "client_keep_alive": 3600,
            "connection_logs": [
              {
                "bucket": "",
                "enabled": false,
                "prefix": ""
              }
            ],
            "customer_owned_ipv4_pool": "",
            "desync_mitigation_mode": "defensive",
            "dns_name": "internal-backend-alb-588749013.us-east-1.elb.amazonaws.com",
            "dns_record_client_routing_policy": null,
            "drop_invalid_header_fields": false,
            "enable_cross_zone_load_balancing": true,
            "enable_deletion_protection": false,
            "enable_http2": true,
            "enable_tls_version_and_cipher_suite_headers": false,
            "enable_waf_fail_open": false,
            "enable_xff_client_port": false,
            "enable_zonal_shift": false,
            "enforce_security_group_inbound_rules_on_private_link_traffic": "",
            "id": "arn:aws:elasticloadbalancing:us-east-1:724772082485:loadbalancer/app/backend-alb/90f9bc9eba8c4682",
            "idle_timeout": 60,
            "internal": true,
            "ip_address_type": "ipv4",
            "ipam_pools": [],
            "load_balancer_type": "application",
            "minimum_load_balancer_capacity": [],
            "name": "backend-alb",
            "name_prefix": "",
            "preserve_host_header": false,
            "security_groups": [
              "sg-07b78e5496d38e0b8"
            ],
            "subnet_mapping": [
              {
                "allocation_id": "",
                "ipv6_address": "",
                "outpost_id": "",
                "private_ipv4_address": "",
                "subnet_id": "subnet-00d7dc7120fb41398"
              },
              {
                "allocation_id": "",
                "ipv6_address": "",
                "outpost_id": "",
                "private_ipv4_address": "",
                "subnet_id": "subnet-09aeb178e9f7deb34"
              }
            ],
            "subnets": [
              "subnet-00d7dc7120fb41398",
              "subnet-09aeb178e9f7deb34"
            ],
            "tags": {
              "Name": "backend-alb"
            },
            "tags_all": {
              "Name": "backend-alb"
            },
            "timeouts": null,
            "vpc_id": "vpc-0dcbbf9d239e9dde7",
            "xff_header_processing_mode": "append",
            "zone_id": "Z35SXDOTRQ7X7K"
          },
          "sensitive_attributes": [],
          "identity_schema_version": 0,
          "private": "eyJlMmJmYjczMC1lY2FhLTExZTYtOGY4OC0zNDM2M2JjN2M0YzAiOnsiY3JlYXRlIjo2MDAwMDAwMDAwMDAsImRlbGV0ZSI6NjAwMDAwMDAwMDAwLCJ1cGRhdGUiOjYwMDAwMDAwMDAwMH19",
          "dependencies": [
            "module.internalALB_sg.aws_security_group.mySG",
            "module.vpc.aws_subnet.private-subnet3",
            "module.vpc.aws_subnet.private-subnet4",
            "module.vpc.aws_vpc.YAKOUT-VPC"
          ],
          "create_before_destroy": true
        }
      ]
    },
    {
      "module": "module.ALB",
      "mode": "managed",
      "type": "aws_lb",
      "name": "frontend_alb",
      "provider": "provider[\"registry.terraform.io/hashicorp/aws\"]",
      "instances": [
        {
          "schema_version": 0,
          "attributes": {
            "access_logs": [
              {
                "bucket": "",
                "enabled": false,
                "prefix": ""
              }
            ],
            "arn": "arn:aws:elasticloadbalancing:us-east-1:724772082485:loadbalancer/app/frontend-alb/ba4ddd49b5631cbf",
            "arn_suffix": "app/frontend-alb/ba4ddd49b5631cbf",
            "client_keep_alive": 3600,
            "connection_logs": [
              {
                "bucket": "",
                "enabled": false,
                "prefix": ""
              }
            ],
            "customer_owned_ipv4_pool": "",
            "desync_mitigation_mode": "defensive",
            "dns_name": "frontend-alb-498310809.us-east-1.elb.amazonaws.com",
            "dns_record_client_routing_policy": null,
            "drop_invalid_header_fields": false,
            "enable_cross_zone_load_balancing": true,
            "enable_deletion_protection": false,
            "enable_http2": true,
            "enable_tls_version_and_cipher_suite_headers": false,
            "enable_waf_fail_open": false,
            "enable_xff_client_port": false,
            "enable_zonal_shift": false,
            "enforce_security_group_inbound_rules_on_private_link_traffic": "",
            "id": "arn:aws:elasticloadbalancing:us-east-1:724772082485:loadbalancer/app/frontend-alb/ba4ddd49b5631cbf",
            "idle_timeout": 60,
            "internal": false,
            "ip_address_type": "ipv4",
            "ipam_pools": [],
            "load_balancer_type": "application",
            "minimum_load_balancer_capacity": [],
            "name": "frontend-alb",
            "name_prefix": "",
            "preserve_host_header": false,
            "security_groups": [
              "sg-0120b0a5ed6a53ee8"
            ],
            "subnet_mapping": [
              {
                "allocation_id": "",
                "ipv6_address": "",
                "outpost_id": "",
                "private_ipv4_address": "",
                "subnet_id": "subnet-0564db9df60f8e091"
              },
              {
                "allocation_id": "",
                "ipv6_address": "",
                "outpost_id": "",
                "private_ipv4_address": "",
                "subnet_id": "subnet-0d7165807e7595de1"
              }
            ],
            "subnets": [
              "subnet-0564db9df60f8e091",
              "subnet-0d7165807e7595de1"
            ],
            "tags": {
              "Name": "frontend-alb"
            },
            "tags_all": {
              "Name": "frontend-alb"
            },
            "timeouts": null,
            "vpc_id": "vpc-0dcbbf9d239e9dde7",
            "xff_header_processing_mode": "append",
            "zone_id": "Z35SXDOTRQ7X7K"
          },
          "sensitive_attributes": [],
          "identity_schema_version": 0,
          "private": "eyJlMmJmYjczMC1lY2FhLTExZTYtOGY4OC0zNDM2M2JjN2M0YzAiOnsiY3JlYXRlIjo2MDAwMDAwMDAwMDAsImRlbGV0ZSI6NjAwMDAwMDAwMDAwLCJ1cGRhdGUiOjYwMDAwMDAwMDAwMH19",
          "dependencies": [
            "module.externalALB_sg.aws_security_group.mySG",
            "module.vpc.aws_subnet.public-subnet1",
            "module.vpc.aws_subnet.public-subnet2",
            "module.vpc.aws_vpc.YAKOUT-VPC"
          ],
          "create_before_destroy": true
        }
      ]
    },
    {
      "module": "module.ALB",
      "mode": "managed",
      "type": "aws_lb_listener",
      "name": "backend_http_listener",
      "provider": "provider[\"registry.terraform.io/hashicorp/aws\"]",
      "instances": [
        {
          "schema_version": 0,
          "attributes": {
            "alpn_policy": null,
            "arn": "arn:aws:elasticloadbalancing:us-east-1:724772082485:listener/app/backend-alb/90f9bc9eba8c4682/e336633cf554092f",
            "certificate_arn": null,
            "default_action": [
              {
                "authenticate_cognito": [],
                "authenticate_oidc": [],
                "fixed_response": [],
                "forward": [],
                "order": 1,
                "redirect": [],
                "target_group_arn": "arn:aws:elasticloadbalancing:us-east-1:724772082485:targetgroup/backend-instances/2cf587d9c7a3b8b8",
                "type": "forward"
              }
            ],
            "id": "arn:aws:elasticloadbalancing:us-east-1:724772082485:listener/app/backend-alb/90f9bc9eba8c4682/e336633cf554092f",
            "load_balancer_arn": "arn:aws:elasticloadbalancing:us-east-1:724772082485:loadbalancer/app/backend-alb/90f9bc9eba8c4682",
            "mutual_authentication": [],
            "port": 5050,
            "protocol": "HTTP",
            "routing_http_request_x_amzn_mtls_clientcert_header_name": null,
            "routing_http_request_x_amzn_mtls_clientcert_issuer_header_name": null,
            "routing_http_request_x_amzn_mtls_clientcert_leaf_header_name": null,
            "routing_http_request_x_amzn_mtls_clientcert_serial_number_header_name": null,
            "routing_http_request_x_amzn_mtls_clientcert_subject_header_name": null,
            "routing_http_request_x_amzn_mtls_clientcert_validity_header_name": null,
            "routing_http_request_x_amzn_tls_cipher_suite_header_name": null,
            "routing_http_request_x_amzn_tls_version_header_name": null,
            "routing_http_response_access_control_allow_credentials_header_value": "",
            "routing_http_response_access_control_allow_headers_header_value": "",
            "routing_http_response_access_control_allow_methods_header_value": "",
            "routing_http_response_access_control_allow_origin_header_value": "",
            "routing_http_response_access_control_expose_headers_header_value": "",
            "routing_http_response_access_control_max_age_header_value": "",
            "routing_http_response_content_security_policy_header_value": "",
            "routing_http_response_server_enabled": true,
            "routing_http_response_strict_transport_security_header_value": "",
            "routing_http_response_x_content_type_options_header_value": "",
            "routing_http_response_x_frame_options_header_value": "",
            "ssl_policy": "",
            "tags": {},
            "tags_all": {},
            "tcp_idle_timeout_seconds": null,
            "timeouts": null
          },
          "sensitive_attributes": [],
          "identity_schema_version": 0,
          "private": "eyJlMmJmYjczMC1lY2FhLTExZTYtOGY4OC0zNDM2M2JjN2M0YzAiOnsiY3JlYXRlIjozMDAwMDAwMDAwMDAsInVwZGF0ZSI6MzAwMDAwMDAwMDAwfX0=",
          "dependencies": [
            "module.ALB.aws_lb.backend_alb",
            "module.ALB.aws_lb_target_group.backend_target_group",
            "module.internalALB_sg.aws_security_group.mySG",
            "module.vpc.aws_subnet.private-subnet3",
            "module.vpc.aws_subnet.private-subnet4",
            "module.vpc.aws_vpc.YAKOUT-VPC"
          ],
          "create_before_destroy": true
        }
      ]
    },
    {
      "module": "module.ALB",
      "mode": "managed",
      "type": "aws_lb_listener",
      "name": "frontend_http_listener",
      "provider": "provider[\"registry.terraform.io/hashicorp/aws\"]",
      "instances": [
        {
          "schema_version": 0,
          "attributes": {
            "alpn_policy": null,
            "arn": "arn:aws:elasticloadbalancing:us-east-1:724772082485:listener/app/frontend-alb/ba4ddd49b5631cbf/8d13f8d090521eca",
            "certificate_arn": null,
            "default_action": [
              {
                "authenticate_cognito": [],
                "authenticate_oidc": [],
                "fixed_response": [],
                "forward": [],
                "order": 1,
                "redirect": [],
                "target_group_arn": "arn:aws:elasticloadbalancing:us-east-1:724772082485:targetgroup/frontend-instances/4af666c4b53544be",
                "type": "forward"
              }
            ],
            "id": "arn:aws:elasticloadbalancing:us-east-1:724772082485:listener/app/frontend-alb/ba4ddd49b5631cbf/8d13f8d090521eca",
            "load_balancer_arn": "arn:aws:elasticloadbalancing:us-east-1:724772082485:loadbalancer/app/frontend-alb/ba4ddd49b5631cbf",
            "mutual_authentication": [],
            "port": 80,
            "protocol": "HTTP",
            "routing_http_request_x_amzn_mtls_clientcert_header_name": null,
            "routing_http_request_x_amzn_mtls_clientcert_issuer_header_name": null,
            "routing_http_request_x_amzn_mtls_clientcert_leaf_header_name": null,
            "routing_http_request_x_amzn_mtls_clientcert_serial_number_header_name": null,
            "routing_http_request_x_amzn_mtls_clientcert_subject_header_name": null,
            "routing_http_request_x_amzn_mtls_clientcert_validity_header_name": null,
            "routing_http_request_x_amzn_tls_cipher_suite_header_name": null,
            "routing_http_request_x_amzn_tls_version_header_name": null,
            "routing_http_response_access_control_allow_credentials_header_value": "",
            "routing_http_response_access_control_allow_headers_header_value": "",
            "routing_http_response_access_control_allow_methods_header_value": "",
            "routing_http_response_access_control_allow_origin_header_value": "",
            "routing_http_response_access_control_expose_headers_header_value": "",
            "routing_http_response_access_control_max_age_header_value": "",
            "routing_http_response_content_security_policy_header_value": "",
            "routing_http_response_server_enabled": true,
            "routing_http_response_strict_transport_security_header_value": "",
            "routing_http_response_x_content_type_options_header_value": "",
            "routing_http_response_x_frame_options_header_value": "",
            "ssl_policy": "",
            "tags": {},
            "tags_all": {},
            "tcp_idle_timeout_seconds": null,
            "timeouts": null
          },
          "sensitive_attributes": [],
          "identity_schema_version": 0,
          "private": "eyJlMmJmYjczMC1lY2FhLTExZTYtOGY4OC0zNDM2M2JjN2M0YzAiOnsiY3JlYXRlIjozMDAwMDAwMDAwMDAsInVwZGF0ZSI6MzAwMDAwMDAwMDAwfX0=",
          "dependencies": [
            "module.ALB.aws_lb.frontend_alb",
            "module.ALB.aws_lb_target_group.frontend_target_group",
            "module.externalALB_sg.aws_security_group.mySG",
            "module.vpc.aws_subnet.public-subnet1",
            "module.vpc.aws_subnet.public-subnet2",
            "module.vpc.aws_vpc.YAKOUT-VPC"
          ],
          "create_before_destroy": true
        }
      ]
    },
    {
      "module": "module.ALB",
      "mode": "managed",
      "type": "aws_lb_target_group",
      "name": "backend_target_group",
      "provider": "provider[\"registry.terraform.io/hashicorp/aws\"]",
      "instances": [
        {
          "schema_version": 0,
          "attributes": {
            "arn": "arn:aws:elasticloadbalancing:us-east-1:724772082485:targetgroup/backend-instances/2cf587d9c7a3b8b8",
            "arn_suffix": "targetgroup/backend-instances/2cf587d9c7a3b8b8",
            "connection_termination": null,
            "deregistration_delay": "300",
            "health_check": [
              {
                "enabled": true,
                "healthy_threshold": 2,
                "interval": 30,
                "matcher": "200",
                "path": "/health",
                "port": "5050",
                "protocol": "HTTP",
                "timeout": 5,
                "unhealthy_threshold": 2
              }
            ],
            "id": "arn:aws:elasticloadbalancing:us-east-1:724772082485:targetgroup/backend-instances/2cf587d9c7a3b8b8",
            "ip_address_type": "ipv4",
            "lambda_multi_value_headers_enabled": false,
            "load_balancer_arns": [
              "arn:aws:elasticloadbalancing:us-east-1:724772082485:loadbalancer/app/backend-alb/90f9bc9eba8c4682"
            ],
            "load_balancing_algorithm_type": "round_robin",
            "load_balancing_anomaly_mitigation": "off",
            "load_balancing_cross_zone_enabled": "use_load_balancer_configuration",
            "name": "backend-instances",
            "name_prefix": "",
            "port": 5050,
            "preserve_client_ip": null,
            "protocol": "HTTP",
            "protocol_version": "HTTP1",
            "proxy_protocol_v2": false,
            "slow_start": 0,
            "stickiness": [
              {
                "cookie_duration": 86400,
                "cookie_name": "",
                "enabled": false,
                "type": "lb_cookie"
              }
            ],
            "tags": {
              "Name": "backend-instances"
            },
            "tags_all": {
              "Name": "backend-instances"
            },
            "target_failover": [
              {
                "on_deregistration": null,
                "on_unhealthy": null
              }
            ],
            "target_group_health": [
              {
                "dns_failover": [
                  {
                    "minimum_healthy_targets_count": "1",
                    "minimum_healthy_targets_percentage": "off"
                  }
                ],
                "unhealthy_state_routing": [
                  {
                    "minimum_healthy_targets_count": 1,
                    "minimum_healthy_targets_percentage": "off"
                  }
                ]
              }
            ],
            "target_health_state": [
              {
                "enable_unhealthy_connection_termination": null,
                "unhealthy_draining_interval": null
              }
            ],
            "target_type": "instance",
            "vpc_id": "vpc-0dcbbf9d239e9dde7"
          },
          "sensitive_attributes": [],
          "identity_schema_version": 0,
          "private": "bnVsbA==",
          "dependencies": [
            "module.vpc.aws_vpc.YAKOUT-VPC"
          ],
          "create_before_destroy": true
        }
      ]
    },
    {
      "module": "module.ALB",
      "mode": "managed",
      "type": "aws_lb_target_group",
      "name": "frontend_target_group",
      "provider": "provider[\"registry.terraform.io/hashicorp/aws\"]",
      "instances": [
        {
          "schema_version": 0,
          "attributes": {
            "arn": "arn:aws:elasticloadbalancing:us-east-1:724772082485:targetgroup/frontend-instances/4af666c4b53544be",
            "arn_suffix": "targetgroup/frontend-instances/4af666c4b53544be",
            "connection_termination": null,
            "deregistration_delay": "300",
            "health_check": [
              {
                "enabled": true,
                "healthy_threshold": 2,
                "interval": 30,
                "matcher": "200",
                "path": "/",
                "port": "80",
                "protocol": "HTTP",
                "timeout": 5,
                "unhealthy_threshold": 2
              }
            ],
            "id": "arn:aws:elasticloadbalancing:us-east-1:724772082485:targetgroup/frontend-instances/4af666c4b53544be",
            "ip_address_type": "ipv4",
            "lambda_multi_value_headers_enabled": false,
            "load_balancer_arns": [
              "arn:aws:elasticloadbalancing:us-east-1:724772082485:loadbalancer/app/frontend-alb/ba4ddd49b5631cbf"
            ],
            "load_balancing_algorithm_type": "round_robin",
            "load_balancing_anomaly_mitigation": "off",
            "load_balancing_cross_zone_enabled": "use_load_balancer_configuration",
            "name": "frontend-instances",
            "name_prefix": "",
            "port": 80,
            "preserve_client_ip": null,
            "protocol": "HTTP",
            "protocol_version": "HTTP1",
            "proxy_protocol_v2": false,
            "slow_start": 0,
            "stickiness": [
              {
                "cookie_duration": 86400,
                "cookie_name": "",
                "enabled": false,
                "type": "lb_cookie"
              }
            ],
            "tags": {
              "Name": "frontend-instances"
            },
            "tags_all": {
              "Name": "frontend-instances"
            },
            "target_failover": [
              {
                "on_deregistration": null,
                "on_unhealthy": null
              }
            ],
            "target_group_health": [
              {
                "dns_failover": [
                  {
                    "minimum_healthy_targets_count": "1",
                    "minimum_healthy_targets_percentage": "off"
                  }
                ],
                "unhealthy_state_routing": [
                  {
                    "minimum_healthy_targets_count": 1,
                    "minimum_healthy_targets_percentage": "off"
                  }
                ]
              }
            ],
            "target_health_state": [
              {
                "enable_unhealthy_connection_termination": null,
                "unhealthy_draining_interval": null
              }
            ],
            "target_type": "instance",
            "vpc_id": "vpc-0dcbbf9d239e9dde7"
          },
          "sensitive_attributes": [],
          "identity_schema_version": 0,
          "private": "bnVsbA==",
          "dependencies": [
            "module.vpc.aws_vpc.YAKOUT-VPC"
          ],
          "create_before_destroy": true
        }
      ]
    },
    {
      "module": "module.backend_sg",
      "mode": "managed",
      "type": "aws_security_group",
      "name": "mySG",
      "provider": "provider[\"registry.terraform.io/hashicorp/aws\"]",
      "instances": [
        {
          "schema_version": 1,
          "attributes": {
            "arn": "arn:aws:ec2:us-east-1:724772082485:security-group/sg-0a10545c96bf79092",
            "description": "This is Backend Security Group",
            "egress": [
              {
                "cidr_blocks": [
                  "0.0.0.0/0"
                ],
                "description": "",
                "from_port": 0,
                "ipv6_cidr_blocks": [],
                "prefix_list_ids": [],
                "protocol": "-1",
                "security_groups": [],
                "self": false,
                "to_port": 0
              }
            ],
            "id": "sg-0a10545c96bf79092",
            "ingress": [
              {
                "cidr_blocks": [],
                "description": "",
                "from_port": 22,
                "ipv6_cidr_blocks": [],
                "prefix_list_ids": [],
                "protocol": "tcp",
                "security_groups": [
                  "sg-0ad6beaa3431384d6"
                ],
                "self": false,
                "to_port": 22
              },
              {
                "cidr_blocks": [],
                "description": "",
                "from_port": 5050,
                "ipv6_cidr_blocks": [],
                "prefix_list_ids": [],
                "protocol": "tcp",
                "security_groups": [
                  "sg-07b78e5496d38e0b8"
                ],
                "self": false,
                "to_port": 5050
              }
            ],
            "name": "backend_sg",
            "name_prefix": "",
            "owner_id": "724772082485",
            "revoke_rules_on_delete": false,
            "tags": {
              "Name": "BackEnd-SG"
            },
            "tags_all": {
              "Name": "BackEnd-SG"
            },
            "timeouts": null,
            "vpc_id": "vpc-0dcbbf9d239e9dde7"
          },
          "sensitive_attributes": [],
          "identity_schema_version": 0,
          "private": "eyJlMmJmYjczMC1lY2FhLTExZTYtOGY4OC0zNDM2M2JjN2M0YzAiOnsiY3JlYXRlIjo2MDAwMDAwMDAwMDAsImRlbGV0ZSI6OTAwMDAwMDAwMDAwfSwic2NoZW1hX3ZlcnNpb24iOiIxIn0=",
          "dependencies": [
            "module.vpc.aws_vpc.YAKOUT-VPC"
          ],
          "create_before_destroy": true
        }
      ]
    },
    {
      "module": "module.backend_sg",
      "mode": "managed",
      "type": "aws_vpc_security_group_egress_rule",
      "name": "egress_rules",
      "provider": "provider[\"registry.terraform.io/hashicorp/aws\"]",
      "instances": [
        {
          "index_key": "default",
          "schema_version": 0,
          "attributes": {
            "arn": "arn:aws:ec2:us-east-1:724772082485:security-group-rule/sgr-003565a8572361519",
            "cidr_ipv4": "0.0.0.0/0",
            "cidr_ipv6": null,
            "description": null,
            "from_port": null,
            "id": "sgr-003565a8572361519",
            "ip_protocol": "-1",
            "prefix_list_id": null,
            "referenced_security_group_id": null,
            "security_group_id": "sg-0a10545c96bf79092",
            "security_group_rule_id": "sgr-003565a8572361519",
            "tags": null,
            "tags_all": {},
            "to_port": null
          },
          "sensitive_attributes": [],
          "identity_schema_version": 0,
          "dependencies": [
            "module.backend_sg.aws_security_group.mySG",
            "module.vpc.aws_vpc.YAKOUT-VPC"
          ]
        }
      ]
    },
    {
      "module": "module.backend_sg",
      "mode": "managed",
      "type": "aws_vpc_security_group_ingress_rule",
      "name": "ingress_rules",
      "provider": "provider[\"registry.terraform.io/hashicorp/aws\"]",
      "instances": [
        {
          "index_key": "backapp",
          "schema_version": 0,
          "attributes": {
            "arn": "arn:aws:ec2:us-east-1:724772082485:security-group-rule/sgr-04cbbf9df12b086bb",
            "cidr_ipv4": null,
            "cidr_ipv6": null,
            "description": null,
            "from_port": 5050,
            "id": "sgr-04cbbf9df12b086bb",
            "ip_protocol": "tcp",
            "prefix_list_id": null,
            "referenced_security_group_id": "sg-07b78e5496d38e0b8",
            "security_group_id": "sg-0a10545c96bf79092",
            "security_group_rule_id": "sgr-04cbbf9df12b086bb",
            "tags": null,
            "tags_all": {},
            "to_port": 5050
          },
          "sensitive_attributes": [],
          "identity_schema_version": 0,
          "dependencies": [
            "module.backend_sg.aws_security_group.mySG",
            "module.bastion_sg.aws_security_group.mySG",
            "module.internalALB_sg.aws_security_group.mySG",
            "module.vpc.aws_vpc.YAKOUT-VPC"
          ]
        },
        {
          "index_key": "ssh",
          "schema_version": 0,
          "attributes": {
            "arn": "arn:aws:ec2:us-east-1:724772082485:security-group-rule/sgr-09b225d78a2d50654",
            "cidr_ipv4": null,
            "cidr_ipv6": null,
            "description": null,
            "from_port": 22,
            "id": "sgr-09b225d78a2d50654",
            "ip_protocol": "tcp",
            "prefix_list_id": null,
            "referenced_security_group_id": "sg-0ad6beaa3431384d6",
            "security_group_id": "sg-0a10545c96bf79092",
            "security_group_rule_id": "sgr-09b225d78a2d50654",
            "tags": null,
            "tags_all": {},
            "to_port": 22
          },
          "sensitive_attributes": [],
          "identity_schema_version": 0,
          "dependencies": [
            "module.backend_sg.aws_security_group.mySG",
            "module.bastion_sg.aws_security_group.mySG",
            "module.internalALB_sg.aws_security_group.mySG",
            "module.vpc.aws_vpc.YAKOUT-VPC"
          ]
        }
      ]
    },
    {
      "module": "module.bastion_host",
      "mode": "managed",
      "type": "aws_instance",
      "name": "bastion_host",
      "provider": "provider[\"registry.terraform.io/hashicorp/aws\"]",
      "instances": [
        {
          "schema_version": 1,
          "attributes": {
            "ami": "ami-02457590d33d576c3",
            "arn": "arn:aws:ec2:us-east-1:724772082485:instance/i-0491334e35c84a498",
            "associate_public_ip_address": true,
            "availability_zone": "us-east-1a",
            "capacity_reservation_specification": [
              {
                "capacity_reservation_preference": "open",
                "capacity_reservation_target": []
              }
            ],
            "cpu_core_count": 1,
            "cpu_options": [
              {
                "amd_sev_snp": "",
                "core_count": 1,
                "threads_per_core": 1
              }
            ],
            "cpu_threads_per_core": 1,
            "credit_specification": [
              {
                "cpu_credits": "standard"
              }
            ],
            "disable_api_stop": false,
            "disable_api_termination": false,
            "ebs_block_device": [],
            "ebs_optimized": false,
            "enable_primary_ipv6": null,
            "enclave_options": [
              {
                "enabled": false
              }
            ],
            "ephemeral_block_device": [],
            "get_password_data": false,
            "hibernation": false,
            "host_id": "",
            "host_resource_group_arn": null,
            "iam_instance_profile": "",
            "id": "i-0491334e35c84a498",
            "instance_initiated_shutdown_behavior": "stop",
            "instance_lifecycle": "",
            "instance_market_options": [],
            "instance_state": "running",
            "instance_type": "t2.micro",
            "ipv6_address_count": 0,
            "ipv6_addresses": [],
            "key_name": "",
            "launch_template": [],
            "maintenance_options": [
              {
                "auto_recovery": "default"
              }
            ],
            "metadata_options": [
              {
                "http_endpoint": "enabled",
                "http_protocol_ipv6": "disabled",
                "http_put_response_hop_limit": 2,
                "http_tokens": "required",
                "instance_metadata_tags": "disabled"
              }
            ],
            "monitoring": false,
            "network_interface": [],
            "outpost_arn": "",
            "password_data": "",
            "placement_group": "",
            "placement_partition_number": 0,
            "primary_network_interface_id": "eni-03c0f0688ffee9f1a",
            "private_dns": "ip-10-0-1-147.ec2.internal",
            "private_dns_name_options": [
              {
                "enable_resource_name_dns_a_record": false,
                "enable_resource_name_dns_aaaa_record": false,
                "hostname_type": "ip-name"
              }
            ],
            "private_ip": "10.0.1.147",
            "public_dns": "ec2-52-207-172-228.compute-1.amazonaws.com",
            "public_ip": "52.207.172.228",
            "root_block_device": [
              {
                "delete_on_termination": true,
                "device_name": "/dev/xvda",
                "encrypted": false,
                "iops": 3000,
                "kms_key_id": "",
                "tags": {},
                "tags_all": {},
                "throughput": 125,
                "volume_id": "vol-06f332ffed8a3b7c3",
                "volume_size": 8,
                "volume_type": "gp3"
              }
            ],
            "secondary_private_ips": [],
            "security_groups": [],
            "source_dest_check": true,
            "spot_instance_request_id": "",
            "subnet_id": "subnet-0564db9df60f8e091",
            "tags": {
              "Name": "Bastion Host"
            },
            "tags_all": {
              "Name": "Bastion Host"
            },
            "tenancy": "default",
            "timeouts": null,
            "user_data": "c0fd0ae357c3e5170319b023a281321e08e77688",
            "user_data_base64": null,
            "user_data_replace_on_change": false,
            "volume_tags": null,
            "vpc_security_group_ids": [
              "sg-0ad6beaa3431384d6"
            ]
          },
          "sensitive_attributes": [],
          "identity_schema_version": 0,
          "private": "eyJlMmJmYjczMC1lY2FhLTExZTYtOGY4OC0zNDM2M2JjN2M0YzAiOnsiY3JlYXRlIjo2MDAwMDAwMDAwMDAsImRlbGV0ZSI6MTIwMDAwMDAwMDAwMCwicmVhZCI6OTAwMDAwMDAwMDAwLCJ1cGRhdGUiOjYwMDAwMDAwMDAwMH0sInNjaGVtYV92ZXJzaW9uIjoiMSJ9",
          "dependencies": [
            "module.bastion_sg.aws_security_group.mySG",
            "module.vpc.aws_subnet.public-subnet1",
            "module.vpc.aws_vpc.YAKOUT-VPC"
          ]
        }
      ]
    },
    {
      "module": "module.bastion_sg",
      "mode": "managed",
      "type": "aws_security_group",
      "name": "mySG",
      "provider": "provider[\"registry.terraform.io/hashicorp/aws\"]",
      "instances": [
        {
          "schema_version": 1,
          "attributes": {
            "arn": "arn:aws:ec2:us-east-1:724772082485:security-group/sg-0ad6beaa3431384d6",
            "description": "This is bastion Security Group",
            "egress": [
              {
                "cidr_blocks": [
                  "0.0.0.0/0"
                ],
                "description": "",
                "from_port": 0,
                "ipv6_cidr_blocks": [],
                "prefix_list_ids": [],
                "protocol": "-1",
                "security_groups": [],
                "self": false,
                "to_port": 0
              }
            ],
            "id": "sg-0ad6beaa3431384d6",
            "ingress": [
              {
                "cidr_blocks": [
                  "0.0.0.0/0"
                ],
                "description": "",
                "from_port": -1,
                "ipv6_cidr_blocks": [],
                "prefix_list_ids": [],
                "protocol": "icmp",
                "security_groups": [],
                "self": false,
                "to_port": -1
              },
              {
                "cidr_blocks": [
                  "0.0.0.0/0"
                ],
                "description": "",
                "from_port": 22,
                "ipv6_cidr_blocks": [],
                "prefix_list_ids": [],
                "protocol": "tcp",
                "security_groups": [],
                "self": false,
                "to_port": 22
              },
              {
                "cidr_blocks": [
                  "0.0.0.0/0"
                ],
                "description": "",
                "from_port": 80,
                "ipv6_cidr_blocks": [],
                "prefix_list_ids": [],
                "protocol": "tcp",
                "security_groups": [],
                "self": false,
                "to_port": 80
              }
            ],
            "name": "bastion_sg",
            "name_prefix": "",
            "owner_id": "724772082485",
            "revoke_rules_on_delete": false,
            "tags": {
              "Name": "Bastion-SG"
            },
            "tags_all": {
              "Name": "Bastion-SG"
            },
            "timeouts": null,
            "vpc_id": "vpc-0dcbbf9d239e9dde7"
          },
          "sensitive_attributes": [],
          "identity_schema_version": 0,
          "private": "eyJlMmJmYjczMC1lY2FhLTExZTYtOGY4OC0zNDM2M2JjN2M0YzAiOnsiY3JlYXRlIjo2MDAwMDAwMDAwMDAsImRlbGV0ZSI6OTAwMDAwMDAwMDAwfSwic2NoZW1hX3ZlcnNpb24iOiIxIn0=",
          "dependencies": [
            "module.vpc.aws_vpc.YAKOUT-VPC"
          ]
        }
      ]
    },
    {
      "module": "module.bastion_sg",
      "mode": "managed",
      "type": "aws_vpc_security_group_egress_rule",
      "name": "egress_rules",
      "provider": "provider[\"registry.terraform.io/hashicorp/aws\"]",
      "instances": [
        {
          "index_key": "default",
          "schema_version": 0,
          "attributes": {
            "arn": "arn:aws:ec2:us-east-1:724772082485:security-group-rule/sgr-0916c9569d73baa56",
            "cidr_ipv4": "0.0.0.0/0",
            "cidr_ipv6": null,
            "description": null,
            "from_port": null,
            "id": "sgr-0916c9569d73baa56",
            "ip_protocol": "-1",
            "prefix_list_id": null,
            "referenced_security_group_id": null,
            "security_group_id": "sg-0ad6beaa3431384d6",
            "security_group_rule_id": "sgr-0916c9569d73baa56",
            "tags": null,
            "tags_all": {},
            "to_port": null
          },
          "sensitive_attributes": [],
          "identity_schema_version": 0,
          "dependencies": [
            "module.bastion_sg.aws_security_group.mySG",
            "module.vpc.aws_vpc.YAKOUT-VPC"
          ]
        }
      ]
    },
    {
      "module": "module.bastion_sg",
      "mode": "managed",
      "type": "aws_vpc_security_group_ingress_rule",
      "name": "ingress_rules",
      "provider": "provider[\"registry.terraform.io/hashicorp/aws\"]",
      "instances": [
        {
          "index_key": "http",
          "schema_version": 0,
          "attributes": {
            "arn": "arn:aws:ec2:us-east-1:724772082485:security-group-rule/sgr-02934b01cd560cabf",
            "cidr_ipv4": "0.0.0.0/0",
            "cidr_ipv6": null,
            "description": null,
            "from_port": 80,
            "id": "sgr-02934b01cd560cabf",
            "ip_protocol": "tcp",
            "prefix_list_id": null,
            "referenced_security_group_id": null,
            "security_group_id": "sg-0ad6beaa3431384d6",
            "security_group_rule_id": "sgr-02934b01cd560cabf",
            "tags": null,
            "tags_all": {},
            "to_port": 80
          },
          "sensitive_attributes": [],
          "identity_schema_version": 0,
          "dependencies": [
            "module.bastion_sg.aws_security_group.mySG",
            "module.vpc.aws_vpc.YAKOUT-VPC"
          ]
        },
        {
          "index_key": "icmp",
          "schema_version": 0,
          "attributes": {
            "arn": "arn:aws:ec2:us-east-1:724772082485:security-group-rule/sgr-0a0374a4a3dcc12af",
            "cidr_ipv4": "0.0.0.0/0",
            "cidr_ipv6": null,
            "description": null,
            "from_port": -1,
            "id": "sgr-0a0374a4a3dcc12af",
            "ip_protocol": "icmp",
            "prefix_list_id": null,
            "referenced_security_group_id": null,
            "security_group_id": "sg-0ad6beaa3431384d6",
            "security_group_rule_id": "sgr-0a0374a4a3dcc12af",
            "tags": null,
            "tags_all": {},
            "to_port": -1
          },
          "sensitive_attributes": [],
          "identity_schema_version": 0,
          "dependencies": [
            "module.bastion_sg.aws_security_group.mySG",
            "module.vpc.aws_vpc.YAKOUT-VPC"
          ]
        },
        {
          "index_key": "ssh",
          "schema_version": 0,
          "attributes": {
            "arn": "arn:aws:ec2:us-east-1:724772082485:security-group-rule/sgr-0c7fa0a176de57f26",
            "cidr_ipv4": "0.0.0.0/0",
            "cidr_ipv6": null,
            "description": null,
            "from_port": 22,
            "id": "sgr-0c7fa0a176de57f26",
            "ip_protocol": "tcp",
            "prefix_list_id": null,
            "referenced_security_group_id": null,
            "security_group_id": "sg-0ad6beaa3431384d6",
            "security_group_rule_id": "sgr-0c7fa0a176de57f26",
            "tags": null,
            "tags_all": {},
            "to_port": 22
          },
          "sensitive_attributes": [],
          "identity_schema_version": 0,
          "dependencies": [
            "module.bastion_sg.aws_security_group.mySG",
            "module.vpc.aws_vpc.YAKOUT-VPC"
          ]
        }
      ]
    },
    {
      "module": "module.externalALB_sg",
      "mode": "managed",
      "type": "aws_security_group",
      "name": "mySG",
      "provider": "provider[\"registry.terraform.io/hashicorp/aws\"]",
      "instances": [
        {
          "schema_version": 1,
          "attributes": {
            "arn": "arn:aws:ec2:us-east-1:724772082485:security-group/sg-0120b0a5ed6a53ee8",
            "description": "This is ExternalALB Security Group",
            "egress": [
              {
                "cidr_blocks": [
                  "0.0.0.0/0"
                ],
                "description": "",
                "from_port": 0,
                "ipv6_cidr_blocks": [],
                "prefix_list_ids": [],
                "protocol": "-1",
                "security_groups": [],
                "self": false,
                "to_port": 0
              }
            ],
            "id": "sg-0120b0a5ed6a53ee8",
            "ingress": [
              {
                "cidr_blocks": [
                  "0.0.0.0/0"
                ],
                "description": "",
                "from_port": 80,
                "ipv6_cidr_blocks": [],
                "prefix_list_ids": [],
                "protocol": "tcp",
                "security_groups": [],
                "self": false,
                "to_port": 80
              }
            ],
            "name": "ExternalALB_sg",
            "name_prefix": "",
            "owner_id": "724772082485",
            "revoke_rules_on_delete": false,
            "tags": {
              "Name": "ExternalALB-SG"
            },
            "tags_all": {
              "Name": "ExternalALB-SG"
            },
            "timeouts": null,
            "vpc_id": "vpc-0dcbbf9d239e9dde7"
          },
          "sensitive_attributes": [],
          "identity_schema_version": 0,
          "private": "eyJlMmJmYjczMC1lY2FhLTExZTYtOGY4OC0zNDM2M2JjN2M0YzAiOnsiY3JlYXRlIjo2MDAwMDAwMDAwMDAsImRlbGV0ZSI6OTAwMDAwMDAwMDAwfSwic2NoZW1hX3ZlcnNpb24iOiIxIn0=",
          "dependencies": [
            "module.vpc.aws_vpc.YAKOUT-VPC"
          ],
          "create_before_destroy": true
        }
      ]
    },
    {
      "module": "module.externalALB_sg",
      "mode": "managed",
      "type": "aws_vpc_security_group_egress_rule",
      "name": "egress_rules",
      "provider": "provider[\"registry.terraform.io/hashicorp/aws\"]",
      "instances": [
        {
          "index_key": "default",
          "schema_version": 0,
          "attributes": {
            "arn": "arn:aws:ec2:us-east-1:724772082485:security-group-rule/sgr-0f721dcc6c9c7558f",
            "cidr_ipv4": "0.0.0.0/0",
            "cidr_ipv6": null,
            "description": null,
            "from_port": null,
            "id": "sgr-0f721dcc6c9c7558f",
            "ip_protocol": "-1",
            "prefix_list_id": null,
            "referenced_security_group_id": null,
            "security_group_id": "sg-0120b0a5ed6a53ee8",
            "security_group_rule_id": "sgr-0f721dcc6c9c7558f",
            "tags": null,
            "tags_all": {},
            "to_port": null
          },
          "sensitive_attributes": [],
          "identity_schema_version": 0,
          "dependencies": [
            "module.externalALB_sg.aws_security_group.mySG",
            "module.vpc.aws_vpc.YAKOUT-VPC"
          ]
        }
      ]
    },
    {
      "module": "module.externalALB_sg",
      "mode": "managed",
      "type": "aws_vpc_security_group_ingress_rule",
      "name": "ingress_rules",
      "provider": "provider[\"registry.terraform.io/hashicorp/aws\"]",
      "instances": [
        {
          "index_key": "frontend",
          "schema_version": 0,
          "attributes": {
            "arn": "arn:aws:ec2:us-east-1:724772082485:security-group-rule/sgr-03fde474399fc2d94",
            "cidr_ipv4": "0.0.0.0/0",
            "cidr_ipv6": null,
            "description": null,
            "from_port": 80,
            "id": "sgr-03fde474399fc2d94",
            "ip_protocol": "tcp",
            "prefix_list_id": null,
            "referenced_security_group_id": null,
            "security_group_id": "sg-0120b0a5ed6a53ee8",
            "security_group_rule_id": "sgr-03fde474399fc2d94",
            "tags": null,
            "tags_all": {},
            "to_port": 80
          },
          "sensitive_attributes": [],
          "identity_schema_version": 0,
          "dependencies": [
            "module.externalALB_sg.aws_security_group.mySG",
            "module.vpc.aws_vpc.YAKOUT-VPC"
          ]
        }
      ]
    },
    {
      "module": "module.frontend_asg",
      "mode": "data",
      "type": "template_file",
      "name": "backend_user_data",
      "provider": "provider[\"registry.terraform.io/hashicorp/template\"]",
      "instances": [
        {
          "schema_version": 0,
          "attributes": {
            "filename": null,
            "id": "d93f044f98dcc17688e081a0d7cb559c6fee501fc794555d881853b691e358d8",
            "rendered": "#!/bin/bash\n# Update system packages\nsudo apt update -y\n\n# Install necessary packages\nsudo apt install -y curl git awscli\n\n# Install Node.js 18.x (Amazon Linux 2023 uses apt instead of apt)\ncurl -fsSL https://deb.nodesource.com/setup_18.x | bash -\nsudo apt install -y nodejs\n\n# Set the AWS region environment variable\nexport AWS_DEFAULT_REGION=\"us-east-1\"\n\n# Manually assign MySQL credentials (adjust accordingly)\nexport RDS_HOSTNAME=terraform-20250609092107071300000003.conwso22ac79.us-east-1.rds.amazonaws.com\nexport RDS_USERNAME=cat\nexport RDS_PASSWORD=123456789\nRDS_PORT=\"3306\"\n\n# Clone the repository\ncd /home/ubuntu\ngit clone https://github.com/SeifOssama/AWS-3-Tier-Web-Architecture.git\n\n# Change directory to the backend folder\ncd AWS-3-Tier-Web-Architecture/Backend\n\n# Install dependencies\nsudo npm install\n\n# Create the .env file with MySQL connection details\necho \"RDS_HOSTNAME=$RDS_HOSTNAME\" \u003e .env\necho \"RDS_USERNAME=$RDS_USERNAME\" \u003e\u003e .env\necho \"RDS_PASSWORD=$RDS_PASSWORD\" \u003e\u003e .env\necho \"RDS_PORT=$RDS_PORT\" \u003e\u003e .env\n\n# Set correct file ownership\nsudo chown ubuntu:ubuntu .env\n\n# Run the backend server in the background and log output to a file\nnohup npm start \u003e\u003e /home/ubuntu/app.log 2\u003e\u00261 \u0026\n",
            "template": "#!/bin/bash\n# Update system packages\nsudo apt update -y\n\n# Install necessary packages\nsudo apt install -y curl git awscli\n\n# Install Node.js 18.x (Amazon Linux 2023 uses apt instead of apt)\ncurl -fsSL https://deb.nodesource.com/setup_18.x | bash -\nsudo apt install -y nodejs\n\n# Set the AWS region environment variable\nexport AWS_DEFAULT_REGION=\"us-east-1\"\n\n# Manually assign MySQL credentials (adjust accordingly)\nexport RDS_HOSTNAME=${RDS_HOSTNAME}\nexport RDS_USERNAME=${RDS_USERNAME}\nexport RDS_PASSWORD=${RDS_PASSWORD}\nRDS_PORT=\"3306\"\n\n# Clone the repository\ncd /home/ubuntu\ngit clone https://github.com/SeifOssama/AWS-3-Tier-Web-Architecture.git\n\n# Change directory to the backend folder\ncd AWS-3-Tier-Web-Architecture/Backend\n\n# Install dependencies\nsudo npm install\n\n# Create the .env file with MySQL connection details\necho \"RDS_HOSTNAME=$RDS_HOSTNAME\" \u003e .env\necho \"RDS_USERNAME=$RDS_USERNAME\" \u003e\u003e .env\necho \"RDS_PASSWORD=$RDS_PASSWORD\" \u003e\u003e .env\necho \"RDS_PORT=$RDS_PORT\" \u003e\u003e .env\n\n# Set correct file ownership\nsudo chown ubuntu:ubuntu .env\n\n# Run the backend server in the background and log output to a file\nnohup npm start \u003e\u003e /home/ubuntu/app.log 2\u003e\u00261 \u0026\n",
            "vars": {
              "RDS_HOSTNAME": "terraform-20250609092107071300000003.conwso22ac79.us-east-1.rds.amazonaws.com",
              "RDS_PASSWORD": "123456789",
              "RDS_USERNAME": "cat"
            }
          },
          "sensitive_attributes": [
            [
              {
                "type": "get_attr",
                "value": "vars"
              },
              {
                "type": "index",
                "value": {
                  "value": "RDS_PASSWORD",
                  "type": "string"
                }
              }
            ],
            [
              {
                "type": "get_attr",
                "value": "vars"
              },
              {
                "type": "index",
                "value": {
                  "value": "RDS_USERNAME",
                  "type": "string"
                }
              }
            ]
          ],
          "identity_schema_version": 0
        }
      ]
    },
    {
      "module": "module.frontend_asg",
      "mode": "managed",
      "type": "aws_autoscaling_group",
      "name": "BackEnd_ASG",
      "provider": "provider[\"registry.terraform.io/hashicorp/aws\"]",
      "instances": [
        {
          "schema_version": 1,
          "attributes": {
            "arn": "arn:aws:autoscaling:us-east-1:724772082485:autoScalingGroup:0dae3997-a412-42a3-ae49-d65294ad7864:autoScalingGroupName/BackEnd-ASG",
            "availability_zone_distribution": [
              {
                "capacity_distribution_strategy": "balanced-best-effort"
              }
            ],
            "availability_zones": [
              "us-east-1a",
              "us-east-1b"
            ],
            "capacity_rebalance": false,
            "capacity_reservation_specification": [
              {
                "capacity_reservation_preference": "default",
                "capacity_reservation_target": []
              }
            ],
            "context": "",
            "default_cooldown": 300,
            "default_instance_warmup": 0,
            "desired_capacity": 1,
            "desired_capacity_type": "",
            "enabled_metrics": [],
            "force_delete": true,
            "force_delete_warm_pool": false,
            "health_check_grace_period": 300,
            "health_check_type": "EC2",
            "id": "BackEnd-ASG",
            "ignore_failed_scaling_activities": false,
            "initial_lifecycle_hook": [],
            "instance_maintenance_policy": [],
            "instance_refresh": [],
            "launch_configuration": "",
            "launch_template": [
              {
                "id": "lt-0551ab74084706502",
                "name": "BackEnd-EC220250609092432744000000008",
                "version": "$Latest"
              }
            ],
            "load_balancers": [],
            "max_instance_lifetime": 0,
            "max_size": 1,
            "metrics_granularity": "1Minute",
            "min_elb_capacity": null,
            "min_size": 1,
            "mixed_instances_policy": [],
            "name": "BackEnd-ASG",
            "name_prefix": "",
            "placement_group": "",
            "predicted_capacity": 0,
            "protect_from_scale_in": false,
            "service_linked_role_arn": "arn:aws:iam::724772082485:role/aws-service-role/autoscaling.amazonaws.com/AWSServiceRoleForAutoScaling",
            "suspended_processes": [],
            "tag": [
              {
                "key": "Name",
                "propagate_at_launch": true,
                "value": "BackEnd-ASG"
              }
            ],
            "target_group_arns": [
              "arn:aws:elasticloadbalancing:us-east-1:724772082485:targetgroup/backend-instances/2cf587d9c7a3b8b8"
            ],
            "termination_policies": [],
            "timeouts": null,
            "traffic_source": [
              {
                "identifier": "arn:aws:elasticloadbalancing:us-east-1:724772082485:targetgroup/backend-instances/2cf587d9c7a3b8b8",
                "type": "elbv2"
              }
            ],
            "vpc_zone_identifier": [
              "subnet-00d7dc7120fb41398",
              "subnet-09aeb178e9f7deb34"
            ],
            "wait_for_capacity_timeout": "10m",
            "wait_for_elb_capacity": null,
            "warm_pool": [],
            "warm_pool_size": 0
          },
          "sensitive_attributes": [],
          "identity_schema_version": 0,
          "private": "eyJlMmJmYjczMC1lY2FhLTExZTYtOGY4OC0zNDM2M2JjN2M0YzAiOnsiZGVsZXRlIjo2MDAwMDAwMDAwMDAsInVwZGF0ZSI6NjAwMDAwMDAwMDAwfSwic2NoZW1hX3ZlcnNpb24iOiIxIn0=",
          "dependencies": [
            "module.ALB.aws_lb.backend_alb",
            "module.ALB.aws_lb.frontend_alb",
            "module.ALB.aws_lb_listener.backend_http_listener",
            "module.ALB.aws_lb_listener.frontend_http_listener",
            "module.ALB.aws_lb_target_group.backend_target_group",
            "module.ALB.aws_lb_target_group.frontend_target_group",
            "module.backend_sg.aws_security_group.mySG",
            "module.externalALB_sg.aws_security_group.mySG",
            "module.frontend_asg.aws_launch_template.backend_launch_template",
            "module.frontend_asg.data.template_file.backend_user_data",
            "module.internalALB_sg.aws_security_group.mySG",
            "module.rds_db.aws_db_instance.rds_db",
            "module.rds_db.aws_db_subnet_group.rds_db_subnetgroup",
            "module.rds_sg.aws_security_group.mySG",
            "module.vpc.aws_subnet.private-subnet3",
            "module.vpc.aws_subnet.private-subnet4",
            "module.vpc.aws_subnet.private-subnet5",
            "module.vpc.aws_subnet.private-subnet6",
            "module.vpc.aws_subnet.public-subnet1",
            "module.vpc.aws_subnet.public-subnet2",
            "module.vpc.aws_vpc.YAKOUT-VPC"
          ],
          "create_before_destroy": true
        }
      ]
    },
    {
      "module": "module.frontend_asg",
      "mode": "managed",
      "type": "aws_autoscaling_group",
      "name": "FrontEnd_ASG",
      "provider": "provider[\"registry.terraform.io/hashicorp/aws\"]",
      "instances": [
        {
          "schema_version": 1,
          "attributes": {
            "arn": "arn:aws:autoscaling:us-east-1:724772082485:autoScalingGroup:26fc5734-8d7f-4be5-93a0-e84ac78c1460:autoScalingGroupName/FrontEnd-ASG",
            "availability_zone_distribution": [
              {
                "capacity_distribution_strategy": "balanced-best-effort"
              }
            ],
            "availability_zones": [
              "us-east-1a",
              "us-east-1b"
            ],
            "capacity_rebalance": false,
            "capacity_reservation_specification": [
              {
                "capacity_reservation_preference": "default",
                "capacity_reservation_target": []
              }
            ],
            "context": "",
            "default_cooldown": 300,
            "default_instance_warmup": 0,
            "desired_capacity": 1,
            "desired_capacity_type": "",
            "enabled_metrics": [],
            "force_delete": true,
            "force_delete_warm_pool": false,
            "health_check_grace_period": 300,
            "health_check_type": "EC2",
            "id": "FrontEnd-ASG",
            "ignore_failed_scaling_activities": false,
            "initial_lifecycle_hook": [],
            "instance_maintenance_policy": [],
            "instance_refresh": [],
            "launch_configuration": "",
            "launch_template": [
              {
                "id": "lt-0de547456627fa6e2",
                "name": "FrontEnd-EC220250609092432733400000006",
                "version": "$Latest"
              }
            ],
            "load_balancers": [],
            "max_instance_lifetime": 0,
            "max_size": 1,
            "metrics_granularity": "1Minute",
            "min_elb_capacity": null,
            "min_size": 1,
            "mixed_instances_policy": [],
            "name": "FrontEnd-ASG",
            "name_prefix": "",
            "placement_group": "",
            "predicted_capacity": 0,
            "protect_from_scale_in": false,
            "service_linked_role_arn": "arn:aws:iam::724772082485:role/aws-service-role/autoscaling.amazonaws.com/AWSServiceRoleForAutoScaling",
            "suspended_processes": [],
            "tag": [
              {
                "key": "Name",
                "propagate_at_launch": true,
                "value": "FrontEnd-ASG"
              }
            ],
            "target_group_arns": [
              "arn:aws:elasticloadbalancing:us-east-1:724772082485:targetgroup/frontend-instances/4af666c4b53544be"
            ],
            "termination_policies": [],
            "timeouts": null,
            "traffic_source": [
              {
                "identifier": "arn:aws:elasticloadbalancing:us-east-1:724772082485:targetgroup/frontend-instances/4af666c4b53544be",
                "type": "elbv2"
              }
            ],
            "vpc_zone_identifier": [
              "subnet-0564db9df60f8e091",
              "subnet-0d7165807e7595de1"
            ],
            "wait_for_capacity_timeout": "10m",
            "wait_for_elb_capacity": null,
            "warm_pool": [],
            "warm_pool_size": 0
          },
          "sensitive_attributes": [],
          "identity_schema_version": 0,
          "private": "eyJlMmJmYjczMC1lY2FhLTExZTYtOGY4OC0zNDM2M2JjN2M0YzAiOnsiZGVsZXRlIjo2MDAwMDAwMDAwMDAsInVwZGF0ZSI6NjAwMDAwMDAwMDAwfSwic2NoZW1hX3ZlcnNpb24iOiIxIn0=",
          "dependencies": [
            "module.ALB.aws_lb.backend_alb",
            "module.ALB.aws_lb.frontend_alb",
            "module.ALB.aws_lb_listener.backend_http_listener",
            "module.ALB.aws_lb_listener.frontend_http_listener",
            "module.ALB.aws_lb_target_group.backend_target_group",
            "module.ALB.aws_lb_target_group.frontend_target_group",
            "module.externalALB_sg.aws_security_group.mySG",
            "module.frontend_asg.aws_launch_template.frontend_launch_template",
            "module.frontend_sg.aws_security_group.mySG",
            "module.internalALB_sg.aws_security_group.mySG",
            "module.rds_db.aws_db_instance.rds_db",
            "module.rds_db.aws_db_subnet_group.rds_db_subnetgroup",
            "module.rds_sg.aws_security_group.mySG",
            "module.vpc.aws_subnet.private-subnet3",
            "module.vpc.aws_subnet.private-subnet4",
            "module.vpc.aws_subnet.private-subnet5",
            "module.vpc.aws_subnet.private-subnet6",
            "module.vpc.aws_subnet.public-subnet1",
            "module.vpc.aws_subnet.public-subnet2",
            "module.vpc.aws_vpc.YAKOUT-VPC"
          ],
          "create_before_destroy": true
        }
      ]
    },
    {
      "module": "module.frontend_asg",
      "mode": "managed",
      "type": "aws_launch_template",
      "name": "backend_launch_template",
      "provider": "provider[\"registry.terraform.io/hashicorp/aws\"]",
      "instances": [
        {
          "schema_version": 0,
          "attributes": {
            "arn": "arn:aws:ec2:us-east-1:724772082485:launch-template/lt-0551ab74084706502",
            "block_device_mappings": [],
            "capacity_reservation_specification": [],
            "cpu_options": [],
            "credit_specification": [],
            "default_version": 1,
            "description": "",
            "disable_api_stop": false,
            "disable_api_termination": false,
            "ebs_optimized": "",
            "elastic_gpu_specifications": [],
            "elastic_inference_accelerator": [],
            "enclave_options": [],
            "hibernation_options": [],
            "iam_instance_profile": [],
            "id": "lt-0551ab74084706502",
            "image_id": "ami-0731becbf832f281e",
            "instance_initiated_shutdown_behavior": "",
            "instance_market_options": [],
            "instance_requirements": [],
            "instance_type": "t2.micro",
            "kernel_id": "",
            "key_name": "backend-instances",
            "latest_version": 2,
            "license_specification": [],
            "maintenance_options": [],
            "metadata_options": [],
            "monitoring": [],
            "name": "BackEnd-EC220250609092432744000000008",
            "name_prefix": "BackEnd-EC2",
            "network_interfaces": [],
            "placement": [],
            "private_dns_name_options": [],
            "ram_disk_id": "",
            "security_group_names": [],
            "tag_specifications": [],
            "tags": {},
            "tags_all": {},
            "update_default_version": null,
            "user_data": "IyEvYmluL2Jhc2gKIyBVcGRhdGUgc3lzdGVtIHBhY2thZ2VzCnN1ZG8gYXB0IHVwZGF0ZSAteQoKIyBJbnN0YWxsIG5lY2Vzc2FyeSBwYWNrYWdlcwpzdWRvIGFwdCBpbnN0YWxsIC15IGN1cmwgZ2l0IGF3c2NsaQoKIyBJbnN0YWxsIE5vZGUuanMgMTgueCAoQW1hem9uIExpbnV4IDIwMjMgdXNlcyBhcHQgaW5zdGVhZCBvZiBhcHQpCmN1cmwgLWZzU0wgaHR0cHM6Ly9kZWIubm9kZXNvdXJjZS5jb20vc2V0dXBfMTgueCB8IGJhc2ggLQpzdWRvIGFwdCBpbnN0YWxsIC15IG5vZGVqcwoKIyBTZXQgdGhlIEFXUyByZWdpb24gZW52aXJvbm1lbnQgdmFyaWFibGUKZXhwb3J0IEFXU19ERUZBVUxUX1JFR0lPTj0idXMtZWFzdC0xIgoKIyBNYW51YWxseSBhc3NpZ24gTXlTUUwgY3JlZGVudGlhbHMgKGFkanVzdCBhY2NvcmRpbmdseSkKZXhwb3J0IFJEU19IT1NUTkFNRT10ZXJyYWZvcm0tMjAyNTA2MDkwOTIxMDcwNzEzMDAwMDAwMDMuY29ud3NvMjJhYzc5LnVzLWVhc3QtMS5yZHMuYW1hem9uYXdzLmNvbQpleHBvcnQgUkRTX1VTRVJOQU1FPWNhdApleHBvcnQgUkRTX1BBU1NXT1JEPTEyMzQ1Njc4OQpSRFNfUE9SVD0iMzMwNiIKCiMgQ2xvbmUgdGhlIHJlcG9zaXRvcnkKY2QgL2hvbWUvdWJ1bnR1CmdpdCBjbG9uZSBodHRwczovL2dpdGh1Yi5jb20vU2VpZk9zc2FtYS9BV1MtMy1UaWVyLVdlYi1BcmNoaXRlY3R1cmUuZ2l0CgojIENoYW5nZSBkaXJlY3RvcnkgdG8gdGhlIGJhY2tlbmQgZm9sZGVyCmNkIEFXUy0zLVRpZXItV2ViLUFyY2hpdGVjdHVyZS9CYWNrZW5kCgojIEluc3RhbGwgZGVwZW5kZW5jaWVzCnN1ZG8gbnBtIGluc3RhbGwKCiMgQ3JlYXRlIHRoZSAuZW52IGZpbGUgd2l0aCBNeVNRTCBjb25uZWN0aW9uIGRldGFpbHMKZWNobyAiUkRTX0hPU1ROQU1FPSRSRFNfSE9TVE5BTUUiID4gLmVudgplY2hvICJSRFNfVVNFUk5BTUU9JFJEU19VU0VSTkFNRSIgPj4gLmVudgplY2hvICJSRFNfUEFTU1dPUkQ9JFJEU19QQVNTV09SRCIgPj4gLmVudgplY2hvICJSRFNfUE9SVD0kUkRTX1BPUlQiID4+IC5lbnYKCiMgU2V0IGNvcnJlY3QgZmlsZSBvd25lcnNoaXAKc3VkbyBjaG93biB1YnVudHU6dWJ1bnR1IC5lbnYKCiMgUnVuIHRoZSBiYWNrZW5kIHNlcnZlciBpbiB0aGUgYmFja2dyb3VuZCBhbmQgbG9nIG91dHB1dCB0byBhIGZpbGUKbm9odXAgbnBtIHN0YXJ0ID4+IC9ob21lL3VidW50dS9hcHAubG9nIDI+JjEgJgo=",
            "vpc_security_group_ids": [
              "sg-0a10545c96bf79092"
            ]
          },
          "sensitive_attributes": [],
          "identity_schema_version": 0,
          "private": "bnVsbA==",
          "dependencies": [
            "module.ALB.aws_lb.backend_alb",
            "module.ALB.aws_lb.frontend_alb",
            "module.ALB.aws_lb_listener.backend_http_listener",
            "module.ALB.aws_lb_listener.frontend_http_listener",
            "module.ALB.aws_lb_target_group.backend_target_group",
            "module.ALB.aws_lb_target_group.frontend_target_group",
            "module.backend_sg.aws_security_group.mySG",
            "module.externalALB_sg.aws_security_group.mySG",
            "module.frontend_asg.data.template_file.backend_user_data",
            "module.internalALB_sg.aws_security_group.mySG",
            "module.rds_db.aws_db_instance.rds_db",
            "module.rds_db.aws_db_subnet_group.rds_db_subnetgroup",
            "module.rds_sg.aws_security_group.mySG",
            "module.vpc.aws_subnet.private-subnet3",
            "module.vpc.aws_subnet.private-subnet4",
            "module.vpc.aws_subnet.private-subnet5",
            "module.vpc.aws_subnet.private-subnet6",
            "module.vpc.aws_subnet.public-subnet1",
            "module.vpc.aws_subnet.public-subnet2",
            "module.vpc.aws_vpc.YAKOUT-VPC"
          ],
          "create_before_destroy": true
        }
      ]
    },
    {
      "module": "module.frontend_asg",
      "mode": "managed",
      "type": "aws_launch_template",
      "name": "frontend_launch_template",
      "provider": "provider[\"registry.terraform.io/hashicorp/aws\"]",
      "instances": [
        {
          "schema_version": 0,
          "attributes": {
            "arn": "arn:aws:ec2:us-east-1:724772082485:launch-template/lt-0de547456627fa6e2",
            "block_device_mappings": [],
            "capacity_reservation_specification": [],
            "cpu_options": [],
            "credit_specification": [],
            "default_version": 1,
            "description": "",
            "disable_api_stop": false,
            "disable_api_termination": false,
            "ebs_optimized": "",
            "elastic_gpu_specifications": [],
            "elastic_inference_accelerator": [],
            "enclave_options": [],
            "hibernation_options": [],
            "iam_instance_profile": [],
            "id": "lt-0de547456627fa6e2",
            "image_id": "ami-0731becbf832f281e",
            "instance_initiated_shutdown_behavior": "",
            "instance_market_options": [],
            "instance_requirements": [],
            "instance_type": "t2.micro",
            "kernel_id": "",
            "key_name": "frontend-instances",
            "latest_version": 3,
            "license_specification": [],
            "maintenance_options": [],
            "metadata_options": [],
            "monitoring": [],
            "name": "FrontEnd-EC220250609092432733400000006",
            "name_prefix": "FrontEnd-EC2",
            "network_interfaces": [],
            "placement": [],
            "private_dns_name_options": [],
            "ram_disk_id": "",
            "security_group_names": [],
            "tag_specifications": [],
            "tags": {},
            "tags_all": {},
            "update_default_version": null,
            "user_data": "IyEvYmluL2Jhc2gKCiMgVXBkYXRlIGFuZCBpbnN0YWxsIGRlcGVuZGVuY2llcwpzdWRvIGFwdCB1cGRhdGUgLXkKc3VkbyBhcHQgaW5zdGFsbCAteSBuZ2lueCBnaXQgbm9kZWpzIG5wbSBkb2NrZXIuaW8Kc3VkbyBucG0gaW5zdGFsbCAtZyBuCnN1ZG8gbiAxOAplY2hvICJheTdhZ2EiID4+IGFwcC5sb2cKZWNobyAkYmFja2VuZF9hbGJfZG5zID4+IGFwcC5sb2cKCiMgQ29uZmlndXJlIG5naW54IHdpdGggcHJveHkgZm9yIC9hcGkgdG8gYmFja2VuZCBBTEIKc3VkbyBjYXQgPiAvZXRjL25naW54L3NpdGVzLWF2YWlsYWJsZS9kZWZhdWx0IDw8RU9GCnNlcnZlciB7CiAgICBsaXN0ZW4gODAgZGVmYXVsdF9zZXJ2ZXI7CiAgICBsaXN0ZW4gWzo6XTo4MCBkZWZhdWx0X3NlcnZlcjsKCiAgICByb290IC92YXIvd3d3L2h0bWw7CiAgICBpbmRleCBpbmRleC5odG1sIGluZGV4Lmh0bTsKCiAgICBzZXJ2ZXJfbmFtZSBfOwoKICAgIGxvY2F0aW9uIC8gewogICAgICAgIHRyeV9maWxlcyBcJHVyaSAvaW5kZXguaHRtbDsKICAgIH0KCiAgICBsb2NhdGlvbiAvYXBpLyB7CiAgICAgICAgcHJveHlfcGFzcyBodHRwOi8vaW50ZXJuYWwtYmFja2VuZC1hbGItNTg4NzQ5MDEzLnVzLWVhc3QtMS5lbGIuYW1hem9uYXdzLmNvbTo1MDUwOwogICAgICAgIHByb3h5X2h0dHBfdmVyc2lvbiAxLjE7CiAgICAgICAgcHJveHlfc2V0X2hlYWRlciBVcGdyYWRlIFwkaHR0cF91cGdyYWRlOwogICAgICAgIHByb3h5X3NldF9oZWFkZXIgQ29ubmVjdGlvbiAndXBncmFkZSc7CiAgICAgICAgcHJveHlfc2V0X2hlYWRlciBIb3N0IFwkaG9zdDsKICAgICAgICBwcm94eV9jYWNoZV9ieXBhc3MgXCRodHRwX3VwZ3JhZGU7CiAgICB9Cn0KRU9GCgplY2hvICRiYWNrZW5kX2FsYl9kbnMgPj4gYXBwMi5sb2cKCiMgUmVzdGFydCBuZ2lueCB0byBhcHBseSBjb25maWcKc3VkbyBzeXN0ZW1jdGwgcmVsb2FkIG5naW54CnN1ZG8gc3lzdGVtY3RsIGVuYWJsZSBkb2NrZXIKIyBDbG9uZSB5b3VyIFJlYWN0IGFwcCBmcm9tIEdpdEh1YgpjZCAvaG9tZS91YnVudHUKZ2l0IGNsb25lIGh0dHBzOi8vZ2l0aHViLmNvbS9TZWlmT3NzYW1hL0FXUy0zLVRpZXItV2ViLUFyY2hpdGVjdHVyZS5naXQKY2QgQVdTLTMtVGllci1XZWItQXJjaGl0ZWN0dXJlL0Zyb250ZW5kCgojIEluc3RhbGwgZGVwZW5kZW5jaWVzCnN1ZG8gbnBtIGluc3RhbGwKCiMgQnVpbGQgd2l0aCByZWxhdGl2ZSBBUEkgVVJMIGZvciBwcm94eWluZyB2aWEgTmdpbngKUkVBQ1RfQVBQX0FQSV9VUkw9Ii9hcGkiIG5wbSBydW4gYnVpbGQKCiMgQ29weSBidWlsZCBmaWxlcyB0byBOZ2lueApjcCAtciBidWlsZC8qIC92YXIvd3d3L2h0bWwvCgojIFJlc3RhcnQgTmdpbnggYWZ0ZXIgY29weWluZyBmaWxlcwpzdWRvIHN5c3RlbWN0bCByZXN0YXJ0IG5naW54Cgo=",
            "vpc_security_group_ids": [
              "sg-00093878a33d73365"
            ]
          },
          "sensitive_attributes": [],
          "identity_schema_version": 0,
          "private": "bnVsbA==",
          "dependencies": [
            "module.ALB.aws_lb.backend_alb",
            "module.ALB.aws_lb.frontend_alb",
            "module.ALB.aws_lb_listener.backend_http_listener",
            "module.ALB.aws_lb_listener.frontend_http_listener",
            "module.ALB.aws_lb_target_group.backend_target_group",
            "module.ALB.aws_lb_target_group.frontend_target_group",
            "module.externalALB_sg.aws_security_group.mySG",
            "module.frontend_sg.aws_security_group.mySG",
            "module.internalALB_sg.aws_security_group.mySG",
            "module.rds_db.aws_db_instance.rds_db",
            "module.rds_db.aws_db_subnet_group.rds_db_subnetgroup",
            "module.rds_sg.aws_security_group.mySG",
            "module.vpc.aws_subnet.private-subnet3",
            "module.vpc.aws_subnet.private-subnet4",
            "module.vpc.aws_subnet.private-subnet5",
            "module.vpc.aws_subnet.private-subnet6",
            "module.vpc.aws_subnet.public-subnet1",
            "module.vpc.aws_subnet.public-subnet2",
            "module.vpc.aws_vpc.YAKOUT-VPC"
          ],
          "create_before_destroy": true
        }
      ]
    },
    {
      "module": "module.frontend_sg",
      "mode": "managed",
      "type": "aws_security_group",
      "name": "mySG",
      "provider": "provider[\"registry.terraform.io/hashicorp/aws\"]",
      "instances": [
        {
          "schema_version": 1,
          "attributes": {
            "arn": "arn:aws:ec2:us-east-1:724772082485:security-group/sg-00093878a33d73365",
            "description": "This is Frontend Security Group",
            "egress": [
              {
                "cidr_blocks": [
                  "0.0.0.0/0"
                ],
                "description": "",
                "from_port": 0,
                "ipv6_cidr_blocks": [],
                "prefix_list_ids": [],
                "protocol": "-1",
                "security_groups": [],
                "self": false,
                "to_port": 0
              }
            ],
            "id": "sg-00093878a33d73365",
            "ingress": [
              {
                "cidr_blocks": [],
                "description": "",
                "from_port": 22,
                "ipv6_cidr_blocks": [],
                "prefix_list_ids": [],
                "protocol": "tcp",
                "security_groups": [
                  "sg-0ad6beaa3431384d6"
                ],
                "self": false,
                "to_port": 22
              },
              {
                "cidr_blocks": [],
                "description": "",
                "from_port": 80,
                "ipv6_cidr_blocks": [],
                "prefix_list_ids": [],
                "protocol": "tcp",
                "security_groups": [
                  "sg-0120b0a5ed6a53ee8"
                ],
                "self": false,
                "to_port": 80
              }
            ],
            "name": "frontend_sg",
            "name_prefix": "",
            "owner_id": "724772082485",
            "revoke_rules_on_delete": false,
            "tags": {
              "Name": "FrontEnd-SG"
            },
            "tags_all": {
              "Name": "FrontEnd-SG"
            },
            "timeouts": null,
            "vpc_id": "vpc-0dcbbf9d239e9dde7"
          },
          "sensitive_attributes": [],
          "identity_schema_version": 0,
          "private": "eyJlMmJmYjczMC1lY2FhLTExZTYtOGY4OC0zNDM2M2JjN2M0YzAiOnsiY3JlYXRlIjo2MDAwMDAwMDAwMDAsImRlbGV0ZSI6OTAwMDAwMDAwMDAwfSwic2NoZW1hX3ZlcnNpb24iOiIxIn0=",
          "dependencies": [
            "module.vpc.aws_vpc.YAKOUT-VPC"
          ],
          "create_before_destroy": true
        }
      ]
    },
    {
      "module": "module.frontend_sg",
      "mode": "managed",
      "type": "aws_vpc_security_group_egress_rule",
      "name": "egress_rules",
      "provider": "provider[\"registry.terraform.io/hashicorp/aws\"]",
      "instances": [
        {
          "index_key": "default",
          "schema_version": 0,
          "attributes": {
            "arn": "arn:aws:ec2:us-east-1:724772082485:security-group-rule/sgr-0d0ad578f74ec31d4",
            "cidr_ipv4": "0.0.0.0/0",
            "cidr_ipv6": null,
            "description": null,
            "from_port": null,
            "id": "sgr-0d0ad578f74ec31d4",
            "ip_protocol": "-1",
            "prefix_list_id": null,
            "referenced_security_group_id": null,
            "security_group_id": "sg-00093878a33d73365",
            "security_group_rule_id": "sgr-0d0ad578f74ec31d4",
            "tags": null,
            "tags_all": {},
            "to_port": null
          },
          "sensitive_attributes": [],
          "identity_schema_version": 0,
          "dependencies": [
            "module.frontend_sg.aws_security_group.mySG",
            "module.vpc.aws_vpc.YAKOUT-VPC"
          ]
        }
      ]
    },
    {
      "module": "module.frontend_sg",
      "mode": "managed",
      "type": "aws_vpc_security_group_ingress_rule",
      "name": "ingress_rules",
      "provider": "provider[\"registry.terraform.io/hashicorp/aws\"]",
      "instances": [
        {
          "index_key": "http",
          "schema_version": 0,
          "attributes": {
            "arn": "arn:aws:ec2:us-east-1:724772082485:security-group-rule/sgr-076ebab52a8195fb0",
            "cidr_ipv4": null,
            "cidr_ipv6": null,
            "description": null,
            "from_port": 80,
            "id": "sgr-076ebab52a8195fb0",
            "ip_protocol": "tcp",
            "prefix_list_id": null,
            "referenced_security_group_id": "sg-0120b0a5ed6a53ee8",
            "security_group_id": "sg-00093878a33d73365",
            "security_group_rule_id": "sgr-076ebab52a8195fb0",
            "tags": null,
            "tags_all": {},
            "to_port": 80
          },
          "sensitive_attributes": [],
          "identity_schema_version": 0,
          "dependencies": [
            "module.bastion_sg.aws_security_group.mySG",
            "module.externalALB_sg.aws_security_group.mySG",
            "module.frontend_sg.aws_security_group.mySG",
            "module.vpc.aws_vpc.YAKOUT-VPC"
          ]
        },
        {
          "index_key": "ssh",
          "schema_version": 0,
          "attributes": {
            "arn": "arn:aws:ec2:us-east-1:724772082485:security-group-rule/sgr-0c65dee88458ca699",
            "cidr_ipv4": null,
            "cidr_ipv6": null,
            "description": null,
            "from_port": 22,
            "id": "sgr-0c65dee88458ca699",
            "ip_protocol": "tcp",
            "prefix_list_id": null,
            "referenced_security_group_id": "sg-0ad6beaa3431384d6",
            "security_group_id": "sg-00093878a33d73365",
            "security_group_rule_id": "sgr-0c65dee88458ca699",
            "tags": null,
            "tags_all": {},
            "to_port": 22
          },
          "sensitive_attributes": [],
          "identity_schema_version": 0,
          "dependencies": [
            "module.bastion_sg.aws_security_group.mySG",
            "module.externalALB_sg.aws_security_group.mySG",
            "module.frontend_sg.aws_security_group.mySG",
            "module.vpc.aws_vpc.YAKOUT-VPC"
          ]
        }
      ]
    },
    {
      "module": "module.internalALB_sg",
      "mode": "managed",
      "type": "aws_security_group",
      "name": "mySG",
      "provider": "provider[\"registry.terraform.io/hashicorp/aws\"]",
      "instances": [
        {
          "schema_version": 1,
          "attributes": {
            "arn": "arn:aws:ec2:us-east-1:724772082485:security-group/sg-07b78e5496d38e0b8",
            "description": "This is InternalALB Security Group",
            "egress": [
              {
                "cidr_blocks": [
                  "0.0.0.0/0"
                ],
                "description": "",
                "from_port": 0,
                "ipv6_cidr_blocks": [],
                "prefix_list_ids": [],
                "protocol": "-1",
                "security_groups": [],
                "self": false,
                "to_port": 0
              }
            ],
            "id": "sg-07b78e5496d38e0b8",
            "ingress": [
              {
                "cidr_blocks": [],
                "description": "",
                "from_port": 5050,
                "ipv6_cidr_blocks": [],
                "prefix_list_ids": [],
                "protocol": "tcp",
                "security_groups": [
                  "sg-00093878a33d73365"
                ],
                "self": false,
                "to_port": 5050
              }
            ],
            "name": "InternalALB_sg",
            "name_prefix": "",
            "owner_id": "724772082485",
            "revoke_rules_on_delete": false,
            "tags": {
              "Name": "InternalALB-SG"
            },
            "tags_all": {
              "Name": "InternalALB-SG"
            },
            "timeouts": null,
            "vpc_id": "vpc-0dcbbf9d239e9dde7"
          },
          "sensitive_attributes": [],
          "identity_schema_version": 0,
          "private": "eyJlMmJmYjczMC1lY2FhLTExZTYtOGY4OC0zNDM2M2JjN2M0YzAiOnsiY3JlYXRlIjo2MDAwMDAwMDAwMDAsImRlbGV0ZSI6OTAwMDAwMDAwMDAwfSwic2NoZW1hX3ZlcnNpb24iOiIxIn0=",
          "dependencies": [
            "module.vpc.aws_vpc.YAKOUT-VPC"
          ],
          "create_before_destroy": true
        }
      ]
    },
    {
      "module": "module.internalALB_sg",
      "mode": "managed",
      "type": "aws_vpc_security_group_egress_rule",
      "name": "egress_rules",
      "provider": "provider[\"registry.terraform.io/hashicorp/aws\"]",
      "instances": [
        {
          "index_key": "default",
          "schema_version": 0,
          "attributes": {
            "arn": "arn:aws:ec2:us-east-1:724772082485:security-group-rule/sgr-0c72130e072978ec1",
            "cidr_ipv4": "0.0.0.0/0",
            "cidr_ipv6": null,
            "description": null,
            "from_port": null,
            "id": "sgr-0c72130e072978ec1",
            "ip_protocol": "-1",
            "prefix_list_id": null,
            "referenced_security_group_id": null,
            "security_group_id": "sg-07b78e5496d38e0b8",
            "security_group_rule_id": "sgr-0c72130e072978ec1",
            "tags": null,
            "tags_all": {},
            "to_port": null
          },
          "sensitive_attributes": [],
          "identity_schema_version": 0,
          "dependencies": [
            "module.internalALB_sg.aws_security_group.mySG",
            "module.vpc.aws_vpc.YAKOUT-VPC"
          ]
        }
      ]
    },
    {
      "module": "module.internalALB_sg",
      "mode": "managed",
      "type": "aws_vpc_security_group_ingress_rule",
      "name": "ingress_rules",
      "provider": "provider[\"registry.terraform.io/hashicorp/aws\"]",
      "instances": [
        {
          "index_key": "frontend",
          "schema_version": 0,
          "attributes": {
            "arn": "arn:aws:ec2:us-east-1:724772082485:security-group-rule/sgr-0b4d4ecf03598f981",
            "cidr_ipv4": null,
            "cidr_ipv6": null,
            "description": null,
            "from_port": 5050,
            "id": "sgr-0b4d4ecf03598f981",
            "ip_protocol": "tcp",
            "prefix_list_id": null,
            "referenced_security_group_id": "sg-00093878a33d73365",
            "security_group_id": "sg-07b78e5496d38e0b8",
            "security_group_rule_id": "sgr-0b4d4ecf03598f981",
            "tags": null,
            "tags_all": {},
            "to_port": 5050
          },
          "sensitive_attributes": [],
          "identity_schema_version": 0,
          "dependencies": [
            "module.frontend_sg.aws_security_group.mySG",
            "module.internalALB_sg.aws_security_group.mySG",
            "module.vpc.aws_vpc.YAKOUT-VPC"
          ]
        }
      ]
    },
    {
      "module": "module.rds_db",
      "mode": "managed",
      "type": "aws_db_instance",
      "name": "rds_db",
      "provider": "provider[\"registry.terraform.io/hashicorp/aws\"]",
      "instances": [
        {
          "schema_version": 2,
          "attributes": {
            "address": "terraform-20250609092107071300000003.conwso22ac79.us-east-1.rds.amazonaws.com",
            "allocated_storage": 10,
            "allow_major_version_upgrade": null,
            "apply_immediately": false,
            "arn": "arn:aws:rds:us-east-1:724772082485:db:terraform-20250609092107071300000003",
            "auto_minor_version_upgrade": true,
            "availability_zone": "us-east-1a",
            "backup_retention_period": 0,
            "backup_target": "region",
            "backup_window": "04:53-05:23",
            "blue_green_update": [],
            "ca_cert_identifier": "rds-ca-rsa2048-g1",
            "character_set_name": "",
            "copy_tags_to_snapshot": false,
            "custom_iam_instance_profile": "",
            "customer_owned_ip_enabled": false,
            "database_insights_mode": "standard",
            "db_name": "mydb",
            "db_subnet_group_name": "main",
            "dedicated_log_volume": false,
            "delete_automated_backups": true,
            "deletion_protection": false,
            "domain": "",
            "domain_auth_secret_arn": "",
            "domain_dns_ips": [],
            "domain_fqdn": "",
            "domain_iam_role_name": "",
            "domain_ou": "",
            "enabled_cloudwatch_logs_exports": [],
            "endpoint": "terraform-20250609092107071300000003.conwso22ac79.us-east-1.rds.amazonaws.com:3306",
            "engine": "mysql",
            "engine_lifecycle_support": "open-source-rds-extended-support",
            "engine_version": "8.0",
            "engine_version_actual": "8.0.41",
            "final_snapshot_identifier": null,
            "hosted_zone_id": "Z2R2ITUGPM61AM",
            "iam_database_authentication_enabled": false,
            "id": "db-U6BBKCDJP5DMCOJJB7XIEX5UUY",
            "identifier": "terraform-20250609092107071300000003",
            "identifier_prefix": "terraform-",
            "instance_class": "db.t3.micro",
            "iops": 0,
            "kms_key_id": "",
            "latest_restorable_time": "",
            "license_model": "general-public-license",
            "listener_endpoint": [],
            "maintenance_window": "tue:05:45-tue:06:15",
            "manage_master_user_password": null,
            "master_user_secret": [],
            "master_user_secret_kms_key_id": null,
            "max_allocated_storage": 0,
            "monitoring_interval": 0,
            "monitoring_role_arn": "",
            "multi_az": false,
            "nchar_character_set_name": "",
            "network_type": "IPV4",
            "option_group_name": "default:mysql-8-0",
            "parameter_group_name": "default.mysql8.0",
            "password": "123456789",
            "password_wo": null,
            "password_wo_version": null,
            "performance_insights_enabled": false,
            "performance_insights_kms_key_id": "",
            "performance_insights_retention_period": 0,
            "port": 3306,
            "publicly_accessible": false,
            "replica_mode": "",
            "replicas": [],
            "replicate_source_db": "",
            "resource_id": "db-U6BBKCDJP5DMCOJJB7XIEX5UUY",
            "restore_to_point_in_time": [],
            "s3_import": [],
            "skip_final_snapshot": true,
            "snapshot_identifier": null,
            "status": "available",
            "storage_encrypted": false,
            "storage_throughput": 0,
            "storage_type": "gp2",
            "tags": {},
            "tags_all": {},
            "timeouts": null,
            "timezone": "",
            "upgrade_storage_config": null,
            "username": "cat",
            "vpc_security_group_ids": [
              "sg-004fac7426dfcd00e"
            ]
          },
          "sensitive_attributes": [
            [
              {
                "type": "get_attr",
                "value": "password"
              }
            ],
            [
              {
                "type": "get_attr",
                "value": "password_wo"
              }
            ],
            [
              {
                "type": "get_attr",
                "value": "username"
              }
            ]
          ],
          "identity_schema_version": 0,
          "private": "eyJlMmJmYjczMC1lY2FhLTExZTYtOGY4OC0zNDM2M2JjN2M0YzAiOnsiY3JlYXRlIjozMDAwMDAwMDAwMDAwLCJkZWxldGUiOjM2MDAwMDAwMDAwMDAsInVwZGF0ZSI6NDgwMDAwMDAwMDAwMH0sInNjaGVtYV92ZXJzaW9uIjoiMiJ9",
          "dependencies": [
            "module.rds_db.aws_db_subnet_group.rds_db_subnetgroup",
            "module.rds_sg.aws_security_group.mySG",
            "module.vpc.aws_subnet.private-subnet5",
            "module.vpc.aws_subnet.private-subnet6",
            "module.vpc.aws_vpc.YAKOUT-VPC"
          ],
          "create_before_destroy": true
        }
      ]
    },
    {
      "module": "module.rds_db",
      "mode": "managed",
      "type": "aws_db_subnet_group",
      "name": "rds_db_subnetgroup",
      "provider": "provider[\"registry.terraform.io/hashicorp/aws\"]",
      "instances": [
        {
          "schema_version": 0,
          "attributes": {
            "arn": "arn:aws:rds:us-east-1:724772082485:subgrp:main",
            "description": "Managed by Terraform",
            "id": "main",
            "name": "main",
            "name_prefix": "",
            "subnet_ids": [
              "subnet-0092bedc268e3ec84",
              "subnet-0399a5bbf9c741013"
            ],
            "supported_network_types": [
              "IPV4"
            ],
            "tags": {
              "Name": "My DB subnet group"
            },
            "tags_all": {
              "Name": "My DB subnet group"
            },
            "vpc_id": "vpc-0dcbbf9d239e9dde7"
          },
          "sensitive_attributes": [],
          "identity_schema_version": 0,
          "private": "bnVsbA==",
          "dependencies": [
            "module.vpc.aws_subnet.private-subnet5",
            "module.vpc.aws_subnet.private-subnet6",
            "module.vpc.aws_vpc.YAKOUT-VPC"
          ],
          "create_before_destroy": true
        }
      ]
    },
    {
      "module": "module.rds_sg",
      "mode": "managed",
      "type": "aws_security_group",
      "name": "mySG",
      "provider": "provider[\"registry.terraform.io/hashicorp/aws\"]",
      "instances": [
        {
          "schema_version": 1,
          "attributes": {
            "arn": "arn:aws:ec2:us-east-1:724772082485:security-group/sg-004fac7426dfcd00e",
            "description": "This is RDS Security Group",
            "egress": [
              {
                "cidr_blocks": [
                  "0.0.0.0/0"
                ],
                "description": "",
                "from_port": 0,
                "ipv6_cidr_blocks": [],
                "prefix_list_ids": [],
                "protocol": "-1",
                "security_groups": [],
                "self": false,
                "to_port": 0
              }
            ],
            "id": "sg-004fac7426dfcd00e",
            "ingress": [
              {
                "cidr_blocks": [],
                "description": "",
                "from_port": 3306,
                "ipv6_cidr_blocks": [],
                "prefix_list_ids": [],
                "protocol": "tcp",
                "security_groups": [
                  "sg-0a10545c96bf79092"
                ],
                "self": false,
                "to_port": 3306
              }
            ],
            "name": "rds_sg",
            "name_prefix": "",
            "owner_id": "724772082485",
            "revoke_rules_on_delete": false,
            "tags": {
              "Name": "RDS-SG"
            },
            "tags_all": {
              "Name": "RDS-SG"
            },
            "timeouts": null,
            "vpc_id": "vpc-0dcbbf9d239e9dde7"
          },
          "sensitive_attributes": [],
          "identity_schema_version": 0,
          "private": "eyJlMmJmYjczMC1lY2FhLTExZTYtOGY4OC0zNDM2M2JjN2M0YzAiOnsiY3JlYXRlIjo2MDAwMDAwMDAwMDAsImRlbGV0ZSI6OTAwMDAwMDAwMDAwfSwic2NoZW1hX3ZlcnNpb24iOiIxIn0=",
          "dependencies": [
            "module.vpc.aws_vpc.YAKOUT-VPC"
          ],
          "create_before_destroy": true
        }
      ]
    },
    {
      "module": "module.rds_sg",
      "mode": "managed",
      "type": "aws_vpc_security_group_egress_rule",
      "name": "egress_rules",
      "provider": "provider[\"registry.terraform.io/hashicorp/aws\"]",
      "instances": [
        {
          "index_key": "default",
          "schema_version": 0,
          "attributes": {
            "arn": "arn:aws:ec2:us-east-1:724772082485:security-group-rule/sgr-0d7975a9c28191dfb",
            "cidr_ipv4": "0.0.0.0/0",
            "cidr_ipv6": null,
            "description": null,
            "from_port": null,
            "id": "sgr-0d7975a9c28191dfb",
            "ip_protocol": "-1",
            "prefix_list_id": null,
            "referenced_security_group_id": null,
            "security_group_id": "sg-004fac7426dfcd00e",
            "security_group_rule_id": "sgr-0d7975a9c28191dfb",
            "tags": null,
            "tags_all": {},
            "to_port": null
          },
          "sensitive_attributes": [],
          "identity_schema_version": 0,
          "dependencies": [
            "module.rds_sg.aws_security_group.mySG",
            "module.vpc.aws_vpc.YAKOUT-VPC"
          ]
        }
      ]
    },
    {
      "module": "module.rds_sg",
      "mode": "managed",
      "type": "aws_vpc_security_group_ingress_rule",
      "name": "ingress_rules",
      "provider": "provider[\"registry.terraform.io/hashicorp/aws\"]",
      "instances": [
        {
          "index_key": "db",
          "schema_version": 0,
          "attributes": {
            "arn": "arn:aws:ec2:us-east-1:724772082485:security-group-rule/sgr-02be76be3d402c537",
            "cidr_ipv4": null,
            "cidr_ipv6": null,
            "description": null,
            "from_port": 3306,
            "id": "sgr-02be76be3d402c537",
            "ip_protocol": "tcp",
            "prefix_list_id": null,
            "referenced_security_group_id": "sg-0a10545c96bf79092",
            "security_group_id": "sg-004fac7426dfcd00e",
            "security_group_rule_id": "sgr-02be76be3d402c537",
            "tags": null,
            "tags_all": {},
            "to_port": 3306
          },
          "sensitive_attributes": [],
          "identity_schema_version": 0,
          "dependencies": [
            "module.backend_sg.aws_security_group.mySG",
            "module.rds_sg.aws_security_group.mySG",
            "module.vpc.aws_vpc.YAKOUT-VPC"
          ]
        }
      ]
    },
    {
      "module": "module.vpc",
      "mode": "managed",
      "type": "aws_eip",
      "name": "nat-eIP",
      "provider": "provider[\"registry.terraform.io/hashicorp/aws\"]",
      "instances": [
        {
          "schema_version": 0,
          "attributes": {
            "address": null,
            "allocation_id": "eipalloc-0a98413f6727d1d5e",
            "arn": "arn:aws:ec2:us-east-1:724772082485:elastic-ip/eipalloc-0a98413f6727d1d5e",
            "associate_with_private_ip": null,
            "association_id": "eipassoc-0be6b524b8edf7872",
            "carrier_ip": "",
            "customer_owned_ip": "",
            "customer_owned_ipv4_pool": "",
            "domain": "vpc",
            "id": "eipalloc-0a98413f6727d1d5e",
            "instance": "",
            "ipam_pool_id": null,
            "network_border_group": "us-east-1",
            "network_interface": "eni-0d026ca3032a4f5f3",
            "private_dns": "ip-10-0-2-251.ec2.internal",
            "private_ip": "10.0.2.251",
            "ptr_record": "",
            "public_dns": "ec2-52-22-250-108.compute-1.amazonaws.com",
            "public_ip": "52.22.250.108",
            "public_ipv4_pool": "amazon",
            "tags": {
              "Deployment": "Terraform",
              "Name": "SEIF-nat-eIP"
            },
            "tags_all": {
              "Deployment": "Terraform",
              "Name": "SEIF-nat-eIP"
            },
            "timeouts": null,
            "vpc": true
          },
          "sensitive_attributes": [],
          "identity_schema_version": 0,
          "private": "eyJlMmJmYjczMC1lY2FhLTExZTYtOGY4OC0zNDM2M2JjN2M0YzAiOnsiZGVsZXRlIjoxODAwMDAwMDAwMDAsInJlYWQiOjkwMDAwMDAwMDAwMCwidXBkYXRlIjozMDAwMDAwMDAwMDB9fQ=="
        }
      ]
    },
    {
      "module": "module.vpc",
      "mode": "managed",
      "type": "aws_internet_gateway",
      "name": "igw",
      "provider": "provider[\"registry.terraform.io/hashicorp/aws\"]",
      "instances": [
        {
          "schema_version": 0,
          "attributes": {
            "arn": "arn:aws:ec2:us-east-1:724772082485:internet-gateway/igw-0a7751f14d2fe74fc",
            "id": "igw-0a7751f14d2fe74fc",
            "owner_id": "724772082485",
            "tags": {
              "Name": "SEIF-IGW"
            },
            "tags_all": {
              "Name": "SEIF-IGW"
            },
            "timeouts": null,
            "vpc_id": "vpc-0dcbbf9d239e9dde7"
          },
          "sensitive_attributes": [],
          "identity_schema_version": 0,
          "private": "eyJlMmJmYjczMC1lY2FhLTExZTYtOGY4OC0zNDM2M2JjN2M0YzAiOnsiY3JlYXRlIjoxMjAwMDAwMDAwMDAwLCJkZWxldGUiOjEyMDAwMDAwMDAwMDAsInVwZGF0ZSI6MTIwMDAwMDAwMDAwMH19",
          "dependencies": [
            "module.vpc.aws_vpc.YAKOUT-VPC"
          ]
        }
      ]
    },
    {
      "module": "module.vpc",
      "mode": "managed",
      "type": "aws_nat_gateway",
      "name": "NAT-GW",
      "provider": "provider[\"registry.terraform.io/hashicorp/aws\"]",
      "instances": [
        {
          "schema_version": 0,
          "attributes": {
            "allocation_id": "eipalloc-0a98413f6727d1d5e",
            "association_id": "eipassoc-0be6b524b8edf7872",
            "connectivity_type": "public",
            "id": "nat-0643a999aa38b7fbd",
            "network_interface_id": "eni-0d026ca3032a4f5f3",
            "private_ip": "10.0.2.251",
            "public_ip": "52.22.250.108",
            "secondary_allocation_ids": [],
            "secondary_private_ip_address_count": 0,
            "secondary_private_ip_addresses": [],
            "subnet_id": "subnet-0d7165807e7595de1",
            "tags": {
              "Deployment": "Terraform",
              "Name": "SEIF-NAT-GW"
            },
            "tags_all": {
              "Deployment": "Terraform",
              "Name": "SEIF-NAT-GW"
            },
            "timeouts": null
          },
          "sensitive_attributes": [],
          "identity_schema_version": 0,
          "private": "eyJlMmJmYjczMC1lY2FhLTExZTYtOGY4OC0zNDM2M2JjN2M0YzAiOnsiY3JlYXRlIjo2MDAwMDAwMDAwMDAsImRlbGV0ZSI6MTgwMDAwMDAwMDAwMCwidXBkYXRlIjo2MDAwMDAwMDAwMDB9fQ==",
          "dependencies": [
            "module.vpc.aws_eip.nat-eIP",
            "module.vpc.aws_subnet.public-subnet2",
            "module.vpc.aws_vpc.YAKOUT-VPC"
          ]
        }
      ]
    },
    {
      "module": "module.vpc",
      "mode": "managed",
      "type": "aws_route",
      "name": "NAT_route",
      "provider": "provider[\"registry.terraform.io/hashicorp/aws\"]",
      "instances": [
        {
          "schema_version": 0,
          "attributes": {
            "carrier_gateway_id": "",
            "core_network_arn": "",
            "destination_cidr_block": "0.0.0.0/0",
            "destination_ipv6_cidr_block": "",
            "destination_prefix_list_id": "",
            "egress_only_gateway_id": "",
            "gateway_id": "",
            "id": "r-rtb-032b8c648884164f91080289494",
            "instance_id": "",
            "instance_owner_id": "",
            "local_gateway_id": "",
            "nat_gateway_id": "nat-0643a999aa38b7fbd",
            "network_interface_id": "",
            "origin": "CreateRoute",
            "route_table_id": "rtb-032b8c648884164f9",
            "state": "active",
            "timeouts": null,
            "transit_gateway_id": "",
            "vpc_endpoint_id": "",
            "vpc_peering_connection_id": ""
          },
          "sensitive_attributes": [],
          "identity_schema_version": 0,
          "private": "eyJlMmJmYjczMC1lY2FhLTExZTYtOGY4OC0zNDM2M2JjN2M0YzAiOnsiY3JlYXRlIjozMDAwMDAwMDAwMDAsImRlbGV0ZSI6MzAwMDAwMDAwMDAwLCJ1cGRhdGUiOjEyMDAwMDAwMDAwMH19",
          "dependencies": [
            "module.vpc.aws_eip.nat-eIP",
            "module.vpc.aws_nat_gateway.NAT-GW",
            "module.vpc.aws_route_table.private_rt",
            "module.vpc.aws_subnet.public-subnet2",
            "module.vpc.aws_vpc.YAKOUT-VPC"
          ]
        }
      ]
    },
    {
      "module": "module.vpc",
      "mode": "managed",
      "type": "aws_route",
      "name": "internet_route",
      "provider": "provider[\"registry.terraform.io/hashicorp/aws\"]",
      "instances": [
        {
          "schema_version": 0,
          "attributes": {
            "carrier_gateway_id": "",
            "core_network_arn": "",
            "destination_cidr_block": "0.0.0.0/0",
            "destination_ipv6_cidr_block": "",
            "destination_prefix_list_id": "",
            "egress_only_gateway_id": "",
            "gateway_id": "igw-0a7751f14d2fe74fc",
            "id": "r-rtb-05545bc86253a75541080289494",
            "instance_id": "",
            "instance_owner_id": "",
            "local_gateway_id": "",
            "nat_gateway_id": "",
            "network_interface_id": "",
            "origin": "CreateRoute",
            "route_table_id": "rtb-05545bc86253a7554",
            "state": "active",
            "timeouts": null,
            "transit_gateway_id": "",
            "vpc_endpoint_id": "",
            "vpc_peering_connection_id": ""
          },
          "sensitive_attributes": [],
          "identity_schema_version": 0,
          "private": "eyJlMmJmYjczMC1lY2FhLTExZTYtOGY4OC0zNDM2M2JjN2M0YzAiOnsiY3JlYXRlIjozMDAwMDAwMDAwMDAsImRlbGV0ZSI6MzAwMDAwMDAwMDAwLCJ1cGRhdGUiOjEyMDAwMDAwMDAwMH19",
          "dependencies": [
            "module.vpc.aws_internet_gateway.igw",
            "module.vpc.aws_route_table.public_rt",
            "module.vpc.aws_vpc.YAKOUT-VPC"
          ]
        }
      ]
    },
    {
      "module": "module.vpc",
      "mode": "managed",
      "type": "aws_route_table",
      "name": "private_rt",
      "provider": "provider[\"registry.terraform.io/hashicorp/aws\"]",
      "instances": [
        {
          "schema_version": 0,
          "attributes": {
            "arn": "arn:aws:ec2:us-east-1:724772082485:route-table/rtb-032b8c648884164f9",
            "id": "rtb-032b8c648884164f9",
            "owner_id": "724772082485",
            "propagating_vgws": [],
            "route": [
              {
                "carrier_gateway_id": "",
                "cidr_block": "0.0.0.0/0",
                "core_network_arn": "",
                "destination_prefix_list_id": "",
                "egress_only_gateway_id": "",
                "gateway_id": "",
                "ipv6_cidr_block": "",
                "local_gateway_id": "",
                "nat_gateway_id": "nat-0643a999aa38b7fbd",
                "network_interface_id": "",
                "transit_gateway_id": "",
                "vpc_endpoint_id": "",
                "vpc_peering_connection_id": ""
              }
            ],
            "tags": {
              "Name": "PrivateRT"
            },
            "tags_all": {
              "Name": "PrivateRT"
            },
            "timeouts": null,
            "vpc_id": "vpc-0dcbbf9d239e9dde7"
          },
          "sensitive_attributes": [],
          "identity_schema_version": 0,
          "private": "eyJlMmJmYjczMC1lY2FhLTExZTYtOGY4OC0zNDM2M2JjN2M0YzAiOnsiY3JlYXRlIjozMDAwMDAwMDAwMDAsImRlbGV0ZSI6MzAwMDAwMDAwMDAwLCJ1cGRhdGUiOjEyMDAwMDAwMDAwMH19",
          "dependencies": [
            "module.vpc.aws_vpc.YAKOUT-VPC"
          ]
        }
      ]
    },
    {
      "module": "module.vpc",
      "mode": "managed",
      "type": "aws_route_table",
      "name": "public_rt",
      "provider": "provider[\"registry.terraform.io/hashicorp/aws\"]",
      "instances": [
        {
          "schema_version": 0,
          "attributes": {
            "arn": "arn:aws:ec2:us-east-1:724772082485:route-table/rtb-05545bc86253a7554",
            "id": "rtb-05545bc86253a7554",
            "owner_id": "724772082485",
            "propagating_vgws": [],
            "route": [
              {
                "carrier_gateway_id": "",
                "cidr_block": "0.0.0.0/0",
                "core_network_arn": "",
                "destination_prefix_list_id": "",
                "egress_only_gateway_id": "",
                "gateway_id": "igw-0a7751f14d2fe74fc",
                "ipv6_cidr_block": "",
                "local_gateway_id": "",
                "nat_gateway_id": "",
                "network_interface_id": "",
                "transit_gateway_id": "",
                "vpc_endpoint_id": "",
                "vpc_peering_connection_id": ""
              }
            ],
            "tags": {
              "Name": "PublicRT"
            },
            "tags_all": {
              "Name": "PublicRT"
            },
            "timeouts": null,
            "vpc_id": "vpc-0dcbbf9d239e9dde7"
          },
          "sensitive_attributes": [],
          "identity_schema_version": 0,
          "private": "eyJlMmJmYjczMC1lY2FhLTExZTYtOGY4OC0zNDM2M2JjN2M0YzAiOnsiY3JlYXRlIjozMDAwMDAwMDAwMDAsImRlbGV0ZSI6MzAwMDAwMDAwMDAwLCJ1cGRhdGUiOjEyMDAwMDAwMDAwMH19",
          "dependencies": [
            "module.vpc.aws_vpc.YAKOUT-VPC"
          ]
        }
      ]
    },
    {
      "module": "module.vpc",
      "mode": "managed",
      "type": "aws_route_table_association",
      "name": "private-subnet3",
      "provider": "provider[\"registry.terraform.io/hashicorp/aws\"]",
      "instances": [
        {
          "schema_version": 0,
          "attributes": {
            "gateway_id": "",
            "id": "rtbassoc-069cf25ab304a3432",
            "route_table_id": "rtb-032b8c648884164f9",
            "subnet_id": "subnet-09aeb178e9f7deb34",
            "timeouts": null
          },
          "sensitive_attributes": [],
          "identity_schema_version": 0,
          "private": "eyJlMmJmYjczMC1lY2FhLTExZTYtOGY4OC0zNDM2M2JjN2M0YzAiOnsiY3JlYXRlIjozMDAwMDAwMDAwMDAsImRlbGV0ZSI6MzAwMDAwMDAwMDAwLCJ1cGRhdGUiOjEyMDAwMDAwMDAwMH19",
          "dependencies": [
            "module.vpc.aws_route_table.private_rt",
            "module.vpc.aws_subnet.private-subnet3",
            "module.vpc.aws_vpc.YAKOUT-VPC"
          ]
        }
      ]
    },
    {
      "module": "module.vpc",
      "mode": "managed",
      "type": "aws_route_table_association",
      "name": "private-subnet4",
      "provider": "provider[\"registry.terraform.io/hashicorp/aws\"]",
      "instances": [
        {
          "schema_version": 0,
          "attributes": {
            "gateway_id": "",
            "id": "rtbassoc-0b584a07fcc83db2b",
            "route_table_id": "rtb-032b8c648884164f9",
            "subnet_id": "subnet-00d7dc7120fb41398",
            "timeouts": null
          },
          "sensitive_attributes": [],
          "identity_schema_version": 0,
          "private": "eyJlMmJmYjczMC1lY2FhLTExZTYtOGY4OC0zNDM2M2JjN2M0YzAiOnsiY3JlYXRlIjozMDAwMDAwMDAwMDAsImRlbGV0ZSI6MzAwMDAwMDAwMDAwLCJ1cGRhdGUiOjEyMDAwMDAwMDAwMH19",
          "dependencies": [
            "module.vpc.aws_route_table.private_rt",
            "module.vpc.aws_subnet.private-subnet4",
            "module.vpc.aws_vpc.YAKOUT-VPC"
          ]
        }
      ]
    },
    {
      "module": "module.vpc",
      "mode": "managed",
      "type": "aws_route_table_association",
      "name": "private-subnet5",
      "provider": "provider[\"registry.terraform.io/hashicorp/aws\"]",
      "instances": [
        {
          "schema_version": 0,
          "attributes": {
            "gateway_id": "",
            "id": "rtbassoc-07c1c76631e249130",
            "route_table_id": "rtb-032b8c648884164f9",
            "subnet_id": "subnet-0092bedc268e3ec84",
            "timeouts": null
          },
          "sensitive_attributes": [],
          "identity_schema_version": 0,
          "private": "eyJlMmJmYjczMC1lY2FhLTExZTYtOGY4OC0zNDM2M2JjN2M0YzAiOnsiY3JlYXRlIjozMDAwMDAwMDAwMDAsImRlbGV0ZSI6MzAwMDAwMDAwMDAwLCJ1cGRhdGUiOjEyMDAwMDAwMDAwMH19",
          "dependencies": [
            "module.vpc.aws_route_table.private_rt",
            "module.vpc.aws_subnet.private-subnet5",
            "module.vpc.aws_vpc.YAKOUT-VPC"
          ]
        }
      ]
    },
    {
      "module": "module.vpc",
      "mode": "managed",
      "type": "aws_route_table_association",
      "name": "private-subnet6",
      "provider": "provider[\"registry.terraform.io/hashicorp/aws\"]",
      "instances": [
        {
          "schema_version": 0,
          "attributes": {
            "gateway_id": "",
            "id": "rtbassoc-0c4eff19cc8af905b",
            "route_table_id": "rtb-032b8c648884164f9",
            "subnet_id": "subnet-0399a5bbf9c741013",
            "timeouts": null
          },
          "sensitive_attributes": [],
          "identity_schema_version": 0,
          "private": "eyJlMmJmYjczMC1lY2FhLTExZTYtOGY4OC0zNDM2M2JjN2M0YzAiOnsiY3JlYXRlIjozMDAwMDAwMDAwMDAsImRlbGV0ZSI6MzAwMDAwMDAwMDAwLCJ1cGRhdGUiOjEyMDAwMDAwMDAwMH19",
          "dependencies": [
            "module.vpc.aws_route_table.private_rt",
            "module.vpc.aws_subnet.private-subnet6",
            "module.vpc.aws_vpc.YAKOUT-VPC"
          ]
        }
      ]
    },
    {
      "module": "module.vpc",
      "mode": "managed",
      "type": "aws_route_table_association",
      "name": "public-subnet1",
      "provider": "provider[\"registry.terraform.io/hashicorp/aws\"]",
      "instances": [
        {
          "schema_version": 0,
          "attributes": {
            "gateway_id": "",
            "id": "rtbassoc-0f724c386c1d6b124",
            "route_table_id": "rtb-05545bc86253a7554",
            "subnet_id": "subnet-0564db9df60f8e091",
            "timeouts": null
          },
          "sensitive_attributes": [],
          "identity_schema_version": 0,
          "private": "eyJlMmJmYjczMC1lY2FhLTExZTYtOGY4OC0zNDM2M2JjN2M0YzAiOnsiY3JlYXRlIjozMDAwMDAwMDAwMDAsImRlbGV0ZSI6MzAwMDAwMDAwMDAwLCJ1cGRhdGUiOjEyMDAwMDAwMDAwMH19",
          "dependencies": [
            "module.vpc.aws_route_table.public_rt",
            "module.vpc.aws_subnet.public-subnet1",
            "module.vpc.aws_vpc.YAKOUT-VPC"
          ]
        }
      ]
    },
    {
      "module": "module.vpc",
      "mode": "managed",
      "type": "aws_route_table_association",
      "name": "public-subnet2",
      "provider": "provider[\"registry.terraform.io/hashicorp/aws\"]",
      "instances": [
        {
          "schema_version": 0,
          "attributes": {
            "gateway_id": "",
            "id": "rtbassoc-0a50b49103e7af3a2",
            "route_table_id": "rtb-05545bc86253a7554",
            "subnet_id": "subnet-0d7165807e7595de1",
            "timeouts": null
          },
          "sensitive_attributes": [],
          "identity_schema_version": 0,
          "private": "eyJlMmJmYjczMC1lY2FhLTExZTYtOGY4OC0zNDM2M2JjN2M0YzAiOnsiY3JlYXRlIjozMDAwMDAwMDAwMDAsImRlbGV0ZSI6MzAwMDAwMDAwMDAwLCJ1cGRhdGUiOjEyMDAwMDAwMDAwMH19",
          "dependencies": [
            "module.vpc.aws_route_table.public_rt",
            "module.vpc.aws_subnet.public-subnet2",
            "module.vpc.aws_vpc.YAKOUT-VPC"
          ]
        }
      ]
    },
    {
      "module": "module.vpc",
      "mode": "managed",
      "type": "aws_subnet",
      "name": "private-subnet3",
      "provider": "provider[\"registry.terraform.io/hashicorp/aws\"]",
      "instances": [
        {
          "schema_version": 1,
          "attributes": {
            "arn": "arn:aws:ec2:us-east-1:724772082485:subnet/subnet-09aeb178e9f7deb34",
            "assign_ipv6_address_on_creation": false,
            "availability_zone": "us-east-1a",
            "availability_zone_id": "use1-az1",
            "cidr_block": "10.0.3.0/24",
            "customer_owned_ipv4_pool": "",
            "enable_dns64": false,
            "enable_lni_at_device_index": 0,
            "enable_resource_name_dns_a_record_on_launch": false,
            "enable_resource_name_dns_aaaa_record_on_launch": false,
            "id": "subnet-09aeb178e9f7deb34",
            "ipv6_cidr_block": "",
            "ipv6_cidr_block_association_id": "",
            "ipv6_native": false,
            "map_customer_owned_ip_on_launch": false,
            "map_public_ip_on_launch": false,
            "outpost_arn": "",
            "owner_id": "724772082485",
            "private_dns_hostname_type_on_launch": "ip-name",
            "tags": {
              "Name": "Private-Subnet3"
            },
            "tags_all": {
              "Name": "Private-Subnet3"
            },
            "timeouts": null,
            "vpc_id": "vpc-0dcbbf9d239e9dde7"
          },
          "sensitive_attributes": [],
          "identity_schema_version": 0,
          "private": "eyJlMmJmYjczMC1lY2FhLTExZTYtOGY4OC0zNDM2M2JjN2M0YzAiOnsiY3JlYXRlIjo2MDAwMDAwMDAwMDAsImRlbGV0ZSI6MTIwMDAwMDAwMDAwMH0sInNjaGVtYV92ZXJzaW9uIjoiMSJ9",
          "dependencies": [
            "module.vpc.aws_vpc.YAKOUT-VPC"
          ],
          "create_before_destroy": true
        }
      ]
    },
    {
      "module": "module.vpc",
      "mode": "managed",
      "type": "aws_subnet",
      "name": "private-subnet4",
      "provider": "provider[\"registry.terraform.io/hashicorp/aws\"]",
      "instances": [
        {
          "schema_version": 1,
          "attributes": {
            "arn": "arn:aws:ec2:us-east-1:724772082485:subnet/subnet-00d7dc7120fb41398",
            "assign_ipv6_address_on_creation": false,
            "availability_zone": "us-east-1b",
            "availability_zone_id": "use1-az2",
            "cidr_block": "10.0.4.0/24",
            "customer_owned_ipv4_pool": "",
            "enable_dns64": false,
            "enable_lni_at_device_index": 0,
            "enable_resource_name_dns_a_record_on_launch": false,
            "enable_resource_name_dns_aaaa_record_on_launch": false,
            "id": "subnet-00d7dc7120fb41398",
            "ipv6_cidr_block": "",
            "ipv6_cidr_block_association_id": "",
            "ipv6_native": false,
            "map_customer_owned_ip_on_launch": false,
            "map_public_ip_on_launch": false,
            "outpost_arn": "",
            "owner_id": "724772082485",
            "private_dns_hostname_type_on_launch": "ip-name",
            "tags": {
              "Name": "Private-Subnet4"
            },
            "tags_all": {
              "Name": "Private-Subnet4"
            },
            "timeouts": null,
            "vpc_id": "vpc-0dcbbf9d239e9dde7"
          },
          "sensitive_attributes": [],
          "identity_schema_version": 0,
          "private": "eyJlMmJmYjczMC1lY2FhLTExZTYtOGY4OC0zNDM2M2JjN2M0YzAiOnsiY3JlYXRlIjo2MDAwMDAwMDAwMDAsImRlbGV0ZSI6MTIwMDAwMDAwMDAwMH0sInNjaGVtYV92ZXJzaW9uIjoiMSJ9",
          "dependencies": [
            "module.vpc.aws_vpc.YAKOUT-VPC"
          ],
          "create_before_destroy": true
        }
      ]
    },
    {
      "module": "module.vpc",
      "mode": "managed",
      "type": "aws_subnet",
      "name": "private-subnet5",
      "provider": "provider[\"registry.terraform.io/hashicorp/aws\"]",
      "instances": [
        {
          "schema_version": 1,
          "attributes": {
            "arn": "arn:aws:ec2:us-east-1:724772082485:subnet/subnet-0092bedc268e3ec84",
            "assign_ipv6_address_on_creation": false,
            "availability_zone": "us-east-1a",
            "availability_zone_id": "use1-az1",
            "cidr_block": "10.0.5.0/24",
            "customer_owned_ipv4_pool": "",
            "enable_dns64": false,
            "enable_lni_at_device_index": 0,
            "enable_resource_name_dns_a_record_on_launch": false,
            "enable_resource_name_dns_aaaa_record_on_launch": false,
            "id": "subnet-0092bedc268e3ec84",
            "ipv6_cidr_block": "",
            "ipv6_cidr_block_association_id": "",
            "ipv6_native": false,
            "map_customer_owned_ip_on_launch": false,
            "map_public_ip_on_launch": false,
            "outpost_arn": "",
            "owner_id": "724772082485",
            "private_dns_hostname_type_on_launch": "ip-name",
            "tags": {
              "Name": "Private-Subnet5"
            },
            "tags_all": {
              "Name": "Private-Subnet5"
            },
            "timeouts": null,
            "vpc_id": "vpc-0dcbbf9d239e9dde7"
          },
          "sensitive_attributes": [],
          "identity_schema_version": 0,
          "private": "eyJlMmJmYjczMC1lY2FhLTExZTYtOGY4OC0zNDM2M2JjN2M0YzAiOnsiY3JlYXRlIjo2MDAwMDAwMDAwMDAsImRlbGV0ZSI6MTIwMDAwMDAwMDAwMH0sInNjaGVtYV92ZXJzaW9uIjoiMSJ9",
          "dependencies": [
            "module.vpc.aws_vpc.YAKOUT-VPC"
          ],
          "create_before_destroy": true
        }
      ]
    },
    {
      "module": "module.vpc",
      "mode": "managed",
      "type": "aws_subnet",
      "name": "private-subnet6",
      "provider": "provider[\"registry.terraform.io/hashicorp/aws\"]",
      "instances": [
        {
          "schema_version": 1,
          "attributes": {
            "arn": "arn:aws:ec2:us-east-1:724772082485:subnet/subnet-0399a5bbf9c741013",
            "assign_ipv6_address_on_creation": false,
            "availability_zone": "us-east-1b",
            "availability_zone_id": "use1-az2",
            "cidr_block": "10.0.6.0/24",
            "customer_owned_ipv4_pool": "",
            "enable_dns64": false,
            "enable_lni_at_device_index": 0,
            "enable_resource_name_dns_a_record_on_launch": false,
            "enable_resource_name_dns_aaaa_record_on_launch": false,
            "id": "subnet-0399a5bbf9c741013",
            "ipv6_cidr_block": "",
            "ipv6_cidr_block_association_id": "",
            "ipv6_native": false,
            "map_customer_owned_ip_on_launch": false,
            "map_public_ip_on_launch": false,
            "outpost_arn": "",
            "owner_id": "724772082485",
            "private_dns_hostname_type_on_launch": "ip-name",
            "tags": {
              "Name": "Private-Subnet6"
            },
            "tags_all": {
              "Name": "Private-Subnet6"
            },
            "timeouts": null,
            "vpc_id": "vpc-0dcbbf9d239e9dde7"
          },
          "sensitive_attributes": [],
          "identity_schema_version": 0,
          "private": "eyJlMmJmYjczMC1lY2FhLTExZTYtOGY4OC0zNDM2M2JjN2M0YzAiOnsiY3JlYXRlIjo2MDAwMDAwMDAwMDAsImRlbGV0ZSI6MTIwMDAwMDAwMDAwMH0sInNjaGVtYV92ZXJzaW9uIjoiMSJ9",
          "dependencies": [
            "module.vpc.aws_vpc.YAKOUT-VPC"
          ],
          "create_before_destroy": true
        }
      ]
    },
    {
      "module": "module.vpc",
      "mode": "managed",
      "type": "aws_subnet",
      "name": "public-subnet1",
      "provider": "provider[\"registry.terraform.io/hashicorp/aws\"]",
      "instances": [
        {
          "schema_version": 1,
          "attributes": {
            "arn": "arn:aws:ec2:us-east-1:724772082485:subnet/subnet-0564db9df60f8e091",
            "assign_ipv6_address_on_creation": false,
            "availability_zone": "us-east-1a",
            "availability_zone_id": "use1-az1",
            "cidr_block": "10.0.1.0/24",
            "customer_owned_ipv4_pool": "",
            "enable_dns64": false,
            "enable_lni_at_device_index": 0,
            "enable_resource_name_dns_a_record_on_launch": false,
            "enable_resource_name_dns_aaaa_record_on_launch": false,
            "id": "subnet-0564db9df60f8e091",
            "ipv6_cidr_block": "",
            "ipv6_cidr_block_association_id": "",
            "ipv6_native": false,
            "map_customer_owned_ip_on_launch": false,
            "map_public_ip_on_launch": true,
            "outpost_arn": "",
            "owner_id": "724772082485",
            "private_dns_hostname_type_on_launch": "ip-name",
            "tags": {
              "Name": "Public-Subnet1"
            },
            "tags_all": {
              "Name": "Public-Subnet1"
            },
            "timeouts": null,
            "vpc_id": "vpc-0dcbbf9d239e9dde7"
          },
          "sensitive_attributes": [],
          "identity_schema_version": 0,
          "private": "eyJlMmJmYjczMC1lY2FhLTExZTYtOGY4OC0zNDM2M2JjN2M0YzAiOnsiY3JlYXRlIjo2MDAwMDAwMDAwMDAsImRlbGV0ZSI6MTIwMDAwMDAwMDAwMH0sInNjaGVtYV92ZXJzaW9uIjoiMSJ9",
          "dependencies": [
            "module.vpc.aws_vpc.YAKOUT-VPC"
          ],
          "create_before_destroy": true
        }
      ]
    },
    {
      "module": "module.vpc",
      "mode": "managed",
      "type": "aws_subnet",
      "name": "public-subnet2",
      "provider": "provider[\"registry.terraform.io/hashicorp/aws\"]",
      "instances": [
        {
          "schema_version": 1,
          "attributes": {
            "arn": "arn:aws:ec2:us-east-1:724772082485:subnet/subnet-0d7165807e7595de1",
            "assign_ipv6_address_on_creation": false,
            "availability_zone": "us-east-1b",
            "availability_zone_id": "use1-az2",
            "cidr_block": "10.0.2.0/24",
            "customer_owned_ipv4_pool": "",
            "enable_dns64": false,
            "enable_lni_at_device_index": 0,
            "enable_resource_name_dns_a_record_on_launch": false,
            "enable_resource_name_dns_aaaa_record_on_launch": false,
            "id": "subnet-0d7165807e7595de1",
            "ipv6_cidr_block": "",
            "ipv6_cidr_block_association_id": "",
            "ipv6_native": false,
            "map_customer_owned_ip_on_launch": false,
            "map_public_ip_on_launch": true,
            "outpost_arn": "",
            "owner_id": "724772082485",
            "private_dns_hostname_type_on_launch": "ip-name",
            "tags": {
              "Name": "Public-Subnet2"
            },
            "tags_all": {
              "Name": "Public-Subnet2"
            },
            "timeouts": null,
            "vpc_id": "vpc-0dcbbf9d239e9dde7"
          },
          "sensitive_attributes": [],
          "identity_schema_version": 0,
          "private": "eyJlMmJmYjczMC1lY2FhLTExZTYtOGY4OC0zNDM2M2JjN2M0YzAiOnsiY3JlYXRlIjo2MDAwMDAwMDAwMDAsImRlbGV0ZSI6MTIwMDAwMDAwMDAwMH0sInNjaGVtYV92ZXJzaW9uIjoiMSJ9",
          "dependencies": [
            "module.vpc.aws_vpc.YAKOUT-VPC"
          ],
          "create_before_destroy": true
        }
      ]
    },
    {
      "module": "module.vpc",
      "mode": "managed",
      "type": "aws_vpc",
      "name": "YAKOUT-VPC",
      "provider": "provider[\"registry.terraform.io/hashicorp/aws\"]",
      "instances": [
        {
          "schema_version": 1,
          "attributes": {
            "arn": "arn:aws:ec2:us-east-1:724772082485:vpc/vpc-0dcbbf9d239e9dde7",
            "assign_generated_ipv6_cidr_block": false,
            "cidr_block": "10.0.0.0/16",
            "default_network_acl_id": "acl-0929edf79d24de44a",
            "default_route_table_id": "rtb-0bcff44b45b3e33b7",
            "default_security_group_id": "sg-02e78e5241c3780a0",
            "dhcp_options_id": "dopt-0752c090f1368c13c",
            "enable_dns_hostnames": true,
            "enable_dns_support": true,
            "enable_network_address_usage_metrics": false,
            "id": "vpc-0dcbbf9d239e9dde7",
            "instance_tenancy": "default",
            "ipv4_ipam_pool_id": null,
            "ipv4_netmask_length": null,
            "ipv6_association_id": "",
            "ipv6_cidr_block": "",
            "ipv6_cidr_block_network_border_group": "",
            "ipv6_ipam_pool_id": "",
            "ipv6_netmask_length": 0,
            "main_route_table_id": "rtb-0bcff44b45b3e33b7",
            "owner_id": "724772082485",
            "tags": {
              "Name": "SEIF-VPC"
            },
            "tags_all": {
              "Name": "SEIF-VPC"
            }
          },
          "sensitive_attributes": [],
          "identity_schema_version": 0,
          "private": "eyJzY2hlbWFfdmVyc2lvbiI6IjEifQ==",
          "create_before_destroy": true
        }
      ]
    }
  ],
  "check_results": null
}
